# Generated by conda-lock.
# platform: osx-arm64
# input_hash: 85e78edeedf914c7daccf0434dbcda566cfafd1f8bde346cca0579cbc15283bb
@EXPLICIT
https://conda.anaconda.org/conda-forge/noarch/font-ttf-dejavu-sans-mono-2.37-hab24e00_0.tar.bz2#0c96522c6bdaed4b1566d11387caaf45
https://conda.anaconda.org/conda-forge/noarch/font-ttf-inconsolata-3.000-h77eed37_0.tar.bz2#34893075a5c9e55cdafac56607368fc6
https://conda.anaconda.org/conda-forge/noarch/font-ttf-source-code-pro-2.038-h77eed37_0.tar.bz2#4d59c254e01d9cde7957100457e2d5fb
https://conda.anaconda.org/conda-forge/noarch/font-ttf-ubuntu-0.83-h77eed37_3.conda#49023d73832ef61042f6a237cb2687e7
https://conda.anaconda.org/bioconda/osx-arm64/kalign2-2.04-hbdacb55_8.tar.bz2#148b93ae20369789f25f4e9a4bac67d0
https://conda.anaconda.org/conda-forge/osx-arm64/mpi-1.0-openmpi.tar.bz2#cb269c879b1ac5e5ab62a3c17528c40f
https://conda.anaconda.org/conda-forge/osx-arm64/perl-5.32.1-7_h4614cfb_perl5.conda#ba3cbe93f99e896765422cc5f7c3a79e
https://conda.anaconda.org/conda-forge/noarch/python_abi-3.12-8_cp312.conda#c3efd25ac4d74b1584d2f7a57195ddf1
https://conda.anaconda.org/conda-forge/noarch/tzdata-2025c-h8577fbf_0.conda#338201218b54cadff2e774ac27733990
https://conda.anaconda.org/conda-forge/osx-arm64/aws-c-common-0.12.6-hc919400_0.conda#b759f02a7fa946ea9fd9fb035422c848
https://conda.anaconda.org/conda-forge/osx-arm64/bzip2-1.0.8-hd037594_8.conda#58fd217444c2a5701a44244faf518206
https://conda.anaconda.org/conda-forge/osx-arm64/c-ares-1.34.6-hc919400_0.conda#bcb3cba70cf1eec964a03b4ba7775f01
https://conda.anaconda.org/conda-forge/noarch/ca-certificates-2025.11.12-hbd8a1cb_0.conda#f0991f0f84902f6b6009b4d2350a83aa
https://conda.anaconda.org/conda-forge/noarch/fonts-conda-forge-1-hc364b38_1.conda#a7970cd949a077b7cb9696379d338681
https://conda.anaconda.org/conda-forge/osx-arm64/icu-75.1-hfee45f7_0.conda#5eb22c1d7b3fc4abb50d92d621583137
https://conda.anaconda.org/conda-forge/osx-arm64/libbrotlicommon-1.2.0-hc919400_1.conda#006e7ddd8a110771134fcc4e1e3a6ffa
https://conda.anaconda.org/conda-forge/osx-arm64/libcxx-21.1.8-hf598326_0.conda#780f0251b757564e062187044232c2b7
https://conda.anaconda.org/conda-forge/osx-arm64/libdeflate-1.25-hc11a715_0.conda#a6130c709305cd9828b4e1bd9ba0000c
https://conda.anaconda.org/conda-forge/osx-arm64/libexpat-2.7.3-haf25636_0.conda#b79875dbb5b1db9a4a22a4520f918e1a
https://conda.anaconda.org/conda-forge/osx-arm64/libffi-3.5.2-he5f378a_0.conda#411ff7cd5d1472bba0f55c0faf04453b
https://conda.anaconda.org/conda-forge/osx-arm64/libiconv-1.18-h23cfdf5_2.conda#4d5a7445f0b25b6a3ddbb56e790f5251
https://conda.anaconda.org/conda-forge/osx-arm64/libjpeg-turbo-3.1.2-hc919400_0.conda#f0695fbecf1006f27f4395d64bd0c4b8
https://conda.anaconda.org/conda-forge/osx-arm64/liblzma-5.8.1-h39f12f2_2.conda#d6df911d4564d77c4374b02552cb17d1
https://conda.anaconda.org/conda-forge/osx-arm64/libntlm-1.8-h5505292_0.conda#c90c1d3bd778f5ec0d4bb4ef36cbd5b6
https://conda.anaconda.org/conda-forge/osx-arm64/libwebp-base-1.6.0-h07db88b_0.conda#e5e7d467f80da752be17796b87fe6385
https://conda.anaconda.org/conda-forge/osx-arm64/libzlib-1.3.1-h8359307_2.conda#369964e85dc26bfe78f41399b366c435
https://conda.anaconda.org/conda-forge/osx-arm64/llvm-openmp-21.1.8-h4a912ad_0.conda#206ad2df1b5550526e386087bef543c7
https://conda.anaconda.org/conda-forge/osx-arm64/ncurses-6.5-h5e97a16_3.conda#068d497125e4bf8a66bf707254fff5ae
https://conda.anaconda.org/conda-forge/osx-arm64/pthread-stubs-0.4-hd74edd7_1002.conda#415816daf82e0b23a736a069a75e9da7
https://conda.anaconda.org/conda-forge/osx-arm64/xorg-libxau-1.0.12-hc919400_1.conda#78b548eed8227a689f93775d5d23ae09
https://conda.anaconda.org/conda-forge/osx-arm64/xorg-libxdmcp-1.1.5-hc919400_1.conda#9d1299ace1924aa8f4e0bc8e71dd0cf7
https://conda.anaconda.org/conda-forge/osx-arm64/yaml-0.2.5-h925e9cb_3.conda#78a0fe9e9c50d2c381e8ee47e3ea437d
https://conda.anaconda.org/conda-forge/osx-arm64/_openmp_mutex-4.5-7_kmp_llvm.conda#a44032f282e7d2acdeb1c240308052dd
https://conda.anaconda.org/conda-forge/osx-arm64/aws-c-cal-0.9.13-h6ee9776_1.conda#8baab664c541d6f059e83423d9fc5e30
https://conda.anaconda.org/conda-forge/osx-arm64/aws-c-compression-0.3.1-h16f91aa_9.conda#8dc111381c4c73deb8b9a529b3abee4a
https://conda.anaconda.org/conda-forge/osx-arm64/aws-c-sdkutils-0.2.4-h16f91aa_4.conda#658a8236f3f1ebecaaa937b5ccd5d730
https://conda.anaconda.org/conda-forge/osx-arm64/aws-checksums-0.2.7-h16f91aa_5.conda#ee9ebfd7b6fdf61dd632e4fea6287c47
https://conda.anaconda.org/conda-forge/noarch/fonts-conda-ecosystem-1-0.tar.bz2#fee5683a3f04bd15cbd8318b096a27ab
https://conda.anaconda.org/conda-forge/osx-arm64/gmp-6.3.0-h7bae524_2.conda#eed7278dfbab727b56f2c0b64330814b
https://conda.anaconda.org/conda-forge/osx-arm64/lerc-4.0.0-hd64df32_1.conda#a74332d9b60b62905e3d30709df08bf1
https://conda.anaconda.org/conda-forge/osx-arm64/libabseil-20250814.1-cxx17_ha86d76d_0.conda#7a99ec49a148ed4da152d2a71270f0e9
https://conda.anaconda.org/conda-forge/osx-arm64/libasprintf-0.25.1-h493aca8_0.conda#0deb80a2d6097c5fb98b495370b2435b
https://conda.anaconda.org/conda-forge/osx-arm64/libbrotlidec-1.2.0-hc919400_1.conda#079e88933963f3f149054eec2c487bc2
https://conda.anaconda.org/conda-forge/osx-arm64/libbrotlienc-1.2.0-hc919400_1.conda#b2b7c8288ca1a2d71ff97a8e6a1e8883
https://conda.anaconda.org/conda-forge/osx-arm64/libedit-3.1.20250104-pl5321hafb1f1b_0.conda#44083d2d2c2025afca315c7a172eab2b
https://conda.anaconda.org/conda-forge/osx-arm64/libintl-0.25.1-h493aca8_0.conda#5103f6a6b210a3912faf8d7db516918c
https://conda.anaconda.org/conda-forge/osx-arm64/libpng-1.6.53-hfab5511_0.conda#62b6111feeffe607c3ecc8ca5bd1514b
https://conda.anaconda.org/conda-forge/osx-arm64/libsqlite-3.51.1-h9a5124b_0.conda#67e50e5bd4e5e2310d66b88c4da50096
https://conda.anaconda.org/conda-forge/osx-arm64/libxcb-1.17.0-hdb1d25a_0.conda#af523aae2eca6dfa1c8eec693f5b9a79
https://conda.anaconda.org/conda-forge/osx-arm64/libxml2-2.13.9-h4a9ca0c_0.conda#763c7e76295bf142145d5821f251b884
https://conda.anaconda.org/conda-forge/osx-arm64/openssl-3.6.0-h5503f6c_0.conda#b34dc4172653c13dcf453862f251af2b
https://conda.anaconda.org/conda-forge/osx-arm64/pcre2-10.47-h30297fc_0.conda#9b4190c4055435ca3502070186eba53a
https://conda.anaconda.org/conda-forge/osx-arm64/pixman-0.46.4-h81086ad_1.conda#17c3d745db6ea72ae2fce17e7338547f
https://conda.anaconda.org/conda-forge/osx-arm64/qhull-2020.2-h420ef59_5.conda#6483b1f59526e05d7d894e466b5b6924
https://conda.anaconda.org/conda-forge/osx-arm64/readline-8.3-h46df422_0.conda#f8381319127120ce51e081dce4865cf4
https://conda.anaconda.org/conda-forge/osx-arm64/tk-8.6.13-h892fb3f_3.conda#a73d54a5abba6543cb2f0af1bfbd6851
https://conda.anaconda.org/conda-forge/osx-arm64/uv-0.9.18-h1bde295_0.conda#2b426bd923b5a6a7fc85c37304a05a35
https://conda.anaconda.org/conda-forge/osx-arm64/zlib-1.3.1-h8359307_2.conda#e3170d898ca6cb48f1bb567afb92f775
https://conda.anaconda.org/conda-forge/osx-arm64/zlib-ng-2.3.2-hed4e4f5_1.conda#75f39a44c08cb5dc4ea847698de34ba3
https://conda.anaconda.org/conda-forge/osx-arm64/zstd-1.5.7-hbf9d68e_6.conda#ab136e4c34e97f34fb621d2592a393d8
https://conda.anaconda.org/conda-forge/osx-arm64/aws-c-io-0.23.3-hbe03c90_5.conda#c249aa1a151e319d7acd05a2e1f165d2
https://conda.anaconda.org/conda-forge/osx-arm64/brotli-bin-1.2.0-hc919400_1.conda#377d015c103ad7f3371be1777f8b584c
https://conda.anaconda.org/conda-forge/osx-arm64/krb5-1.21.3-h237132a_0.conda#c6dc8a0fdec13a0565936655c33069a1
https://conda.anaconda.org/conda-forge/osx-arm64/libboost-1.86.0-hf493ff8_4.conda#abb88838f1ba4f91f588f8eb47bc0549
https://conda.anaconda.org/conda-forge/osx-arm64/libfreetype6-2.14.1-h6da58f4_0.conda#6d4ede03e2a8e20eb51f7f681d2a2550
https://conda.anaconda.org/conda-forge/osx-arm64/libgcc-15.2.0-hcbb3090_16.conda#8b216bac0de7a9d60f3ddeba2515545c
https://conda.anaconda.org/conda-forge/osx-arm64/libgettextpo-0.25.1-h493aca8_0.conda#98acd9989d0d8d5914ccc86dceb6c6c2
https://conda.anaconda.org/conda-forge/osx-arm64/libglib-2.86.3-hfe11c1f_0.conda#057c7247514048ebdaf89373b263ebee
https://conda.anaconda.org/conda-forge/osx-arm64/libssh2-1.11.1-h1590b86_0.conda#b68e8f66b94b44aaa8de4583d3d4cc40
https://conda.anaconda.org/conda-forge/osx-arm64/libtiff-4.7.1-h4030677_1.conda#e2a72ab2fa54ecb6abab2b26cde93500
https://conda.anaconda.org/conda-forge/osx-arm64/mpfr-4.2.1-hb693164_3.conda#4e4ea852d54cc2b869842de5044662fb
https://conda.anaconda.org/conda-forge/osx-arm64/python-3.12.12-h18782d2_1_cpython.conda#0322f2ddca2cafbf34ef3ddbea100f73
https://conda.anaconda.org/conda-forge/noarch/absl-py-2.3.1-pyhd8ed1ab_0.conda#7d4f1ddc43d323c916b2c744835eb093
https://conda.anaconda.org/conda-forge/noarch/aiohappyeyeballs-2.6.1-pyhd8ed1ab_0.conda#18fd895e0e775622906cdabfc3cf0fb4
https://conda.anaconda.org/conda-forge/noarch/appdirs-1.4.4-pyhd8ed1ab_1.conda#f4e90937bbfc3a4a92539545a37bb448
https://conda.anaconda.org/conda-forge/noarch/argparse-dataclass-2.0.0-pyhd8ed1ab_1.conda#3c0e753fd317fa10d34020a2bc8add8e
https://conda.anaconda.org/conda-forge/osx-arm64/aria2-1.37.0-h813a3f0_3.conda#dbe4ea6d52aa948ab21670b5d4548b11
https://conda.anaconda.org/conda-forge/noarch/attrs-25.4.0-pyhcf101f3_1.conda#537296d57ea995666c68c821b00e360b
https://conda.anaconda.org/conda-forge/osx-arm64/aws-c-event-stream-0.5.7-h9ae9c55_1.conda#53c59e7f68bbd3754de6c8dcd4c27f86
https://conda.anaconda.org/conda-forge/osx-arm64/aws-c-http-0.10.7-h5928ca5_5.conda#f12bd6066c693efba2e5886e2c70d7ba
https://conda.anaconda.org/conda-forge/osx-arm64/brotli-1.2.0-h7d5ae5b_1.conda#48ece20aa479be6ac9a284772827d00c
https://conda.anaconda.org/conda-forge/osx-arm64/brotli-python-1.2.0-py312h0dfefe5_1.conda#311fcf3f6a8c4eb70f912798035edd35
https://conda.anaconda.org/conda-forge/noarch/certifi-2025.11.12-pyhd8ed1ab_0.conda#96a02a5c1a65470a7e4eedb644c872fd
https://conda.anaconda.org/conda-forge/noarch/charset-normalizer-3.4.4-pyhd8ed1ab_0.conda#a22d1fd9bf98827e280a02875d9a007a
https://conda.anaconda.org/conda-forge/noarch/click-8.3.1-pyh8f84b5b_1.conda#ea8a6c3256897cc31263de9f455e25d9
https://conda.anaconda.org/conda-forge/noarch/colorama-0.4.6-pyhd8ed1ab_1.conda#962b9857ee8e7018c22f2776ffa0b2d7
https://conda.anaconda.org/conda-forge/noarch/configargparse-1.7.1-pyhe01879c_0.conda#18dfeef40f049992f4b46b06e6f3b497
https://conda.anaconda.org/conda-forge/noarch/connection_pool-0.0.3-pyhd3deb0d_0.tar.bz2#e270fff08907db8691c02a0eda8d38ae
https://conda.anaconda.org/conda-forge/noarch/cpython-3.12.12-py312hd8ed1ab_1.conda#99d689ccc1a360639eec979fd7805be9
https://conda.anaconda.org/conda-forge/noarch/cycler-0.12.1-pyhcf101f3_2.conda#4c2a8fef270f6c69591889b93f9f55c1
https://conda.anaconda.org/conda-forge/osx-arm64/cyrus-sasl-2.1.28-ha1cbb27_0.conda#2867ea6551e97e53a81787fd967162b1
https://conda.anaconda.org/conda-forge/noarch/distro-1.8.0-pyhd8ed1ab_0.conda#67999c5465064480fa8016d00ac768f6
https://conda.anaconda.org/conda-forge/osx-arm64/docutils-0.18.1-py312h81bd7bf_1.conda#d5f24b24be3fc8bc1b29396e0fcfa43a
https://conda.anaconda.org/conda-forge/noarch/dpath-2.2.0-pyha770c72_1.conda#7b2af124684a994217e62c641bca2e48
https://conda.anaconda.org/conda-forge/noarch/eval_type_backport-0.3.1-pyha770c72_0.conda#9cb8eae2a1f3e4a2cb8c53559abf6d75
https://conda.anaconda.org/conda-forge/noarch/filelock-3.20.1-pyhd8ed1ab_0.conda#81a651287d3000eb12f0860ade0a1b41
https://conda.anaconda.org/conda-forge/osx-arm64/frozenlist-1.7.0-py312h512c567_0.conda#9f016ae66f8ef7195561dbf7ce0e5944
https://conda.anaconda.org/conda-forge/noarch/fsspec-2025.12.0-pyhd8ed1ab_0.conda#a3b9510e2491c20c7fc0f5e730227fbb
https://conda.anaconda.org/conda-forge/noarch/func_timeout-4.3.5-pyhd8ed1ab_1.conda#0ddc5bd5579ca954a1f9cffe435c0f42
https://conda.anaconda.org/conda-forge/osx-arm64/gawk-5.3.1-h8a92848_0.conda#c5a8bf0b848565f613f44915bad8bc44
https://conda.anaconda.org/conda-forge/osx-arm64/greenlet-3.3.0-py312h455b684_0.conda#05c6af3d27e8e073787c281b7761422d
https://conda.anaconda.org/bioconda/osx-arm64/hhsuite-3.3.0-h39b84e0_15.tar.bz2#f7a3d8a4837c0048a8efb8f40940663b
https://conda.anaconda.org/conda-forge/noarch/humanfriendly-10.0-pyh707e725_8.conda#7fe569c10905402ed47024fc481bb371
https://conda.anaconda.org/conda-forge/noarch/idna-3.11-pyhd8ed1ab_0.conda#53abe63df7e10a6ba605dc5f9f961d36
https://conda.anaconda.org/conda-forge/noarch/ijson-3.4.0.post0-pyhd8ed1ab_0.conda#38823b779f206a231a6e6c6870bc2829
https://conda.anaconda.org/conda-forge/osx-arm64/immutables-0.21-py312h163523d_2.conda#3290a7dc4c56a0ccacee9cc8213dcffd
https://conda.anaconda.org/conda-forge/noarch/iniconfig-2.3.0-pyhd8ed1ab_0.conda#9614359868482abba1bd15ce465e3c42
https://conda.anaconda.org/conda-forge/noarch/jmespath-1.0.1-pyhd8ed1ab_1.conda#972bdca8f30147135f951847b30399ea
https://conda.anaconda.org/conda-forge/osx-arm64/kiwisolver-1.4.9-py312hd8c8125_2.conda#ddf4775023a2466ee308792ed80ca408
https://conda.anaconda.org/conda-forge/osx-arm64/lcms2-2.17-h7eeda09_0.conda#92a61fd30b19ebd5c1621a5bfe6d8b5f
https://conda.anaconda.org/conda-forge/osx-arm64/libfreetype-2.14.1-hce30654_0.conda#f35fb38e89e2776994131fbf961fa44b
https://conda.anaconda.org/conda-forge/osx-arm64/libgfortran5-15.2.0-hdae7583_16.conda#265a9d03461da24884ecc8eb58396d57
https://conda.anaconda.org/conda-forge/noarch/logmuse-0.2.8-pyhd8ed1ab_1.conda#7966fa985b84beb9ec674cf123f726f0
https://conda.anaconda.org/conda-forge/osx-arm64/markupsafe-3.0.3-py312h5748b74_0.conda#82221456841d3014a175199e4792465b
https://conda.anaconda.org/conda-forge/noarch/mdurl-0.1.2-pyhd8ed1ab_1.conda#592132998493b3ff25fd7479396e8351
https://conda.anaconda.org/conda-forge/osx-arm64/mpc-1.3.1-h8f1351a_1.conda#a5635df796b71f6ca400fc7026f50701
https://conda.anaconda.org/conda-forge/noarch/mpmath-1.3.0-pyhd8ed1ab_1.conda#3585aa87c43ab15b167b574cd73b057b
https://conda.anaconda.org/conda-forge/osx-arm64/msgpack-python-1.1.2-py312h84eede6_1.conda#e3973f0ac5ac854bf86f0d5674a1a289
https://conda.anaconda.org/conda-forge/osx-arm64/multidict-6.7.0-py312hf0dca4a_0.conda#5049f778ef3b3df42d30ffa8be4c1746
https://conda.anaconda.org/conda-forge/noarch/munkres-1.1.4-pyhd8ed1ab_1.conda#37293a85a0f4f77bbd9cf7aaefc62609
https://conda.anaconda.org/conda-forge/noarch/networkx-3.6.1-pyhcf101f3_0.conda#a2c1eeadae7a309daed9d62c96012a2b
https://conda.anaconda.org/conda-forge/osx-arm64/openjpeg-2.5.4-hbfb3c88_0.conda#6bf3d24692c157a41c01ce0bd17daeea
https://conda.anaconda.org/conda-forge/noarch/packaging-25.0-pyh29332c3_1.conda#58335b26c38bf4a20f399384c33cbcf9
https://conda.anaconda.org/conda-forge/noarch/platformdirs-4.5.1-pyhcf101f3_0.conda#1bd2e65c8c7ef24f4639ae6e850dacc2
https://conda.anaconda.org/conda-forge/noarch/pluggy-1.6.0-pyhf9edf01_1.conda#d7585b6550ad04c8c5e21097ada2888e
https://conda.anaconda.org/conda-forge/osx-arm64/propcache-0.3.1-py312h998013c_0.conda#d8280c97e09e85c72916a3d98a4076d7
https://conda.anaconda.org/conda-forge/osx-arm64/protobuf-6.32.1-py312haaa886e_2.conda#c79b2319342bfbd44a75cd6b5090e291
https://conda.anaconda.org/conda-forge/osx-arm64/psutil-7.1.3-py312h37e1c23_0.conda#d0b2f83de57eafaa6d7700b589c66096
https://conda.anaconda.org/conda-forge/noarch/pygments-2.19.2-pyhd8ed1ab_0.conda#6b6ece66ebcae2d5f326c77ef2c5a066
https://conda.anaconda.org/conda-forge/noarch/pyparsing-3.2.5-pyhcf101f3_0.conda#6c8979be6d7a17692793114fa26916e8
https://conda.anaconda.org/conda-forge/noarch/pysocks-1.7.1-pyha55dd90_7.conda#461219d1a5bd61342293efa2c0c90eac
https://conda.anaconda.org/conda-forge/noarch/python-fastjsonschema-2.21.2-pyhe01879c_0.conda#23029aae904a2ba587daba708208012f
https://conda.anaconda.org/conda-forge/osx-arm64/python-lmdb-1.6.2-py312h61deae6_0.conda#31f2c44e778e1899e9878f3012969db9
https://conda.anaconda.org/conda-forge/noarch/python-tzdata-2025.3-pyhd8ed1ab_0.conda#7ead57407430ba33f681738905278d03
https://conda.anaconda.org/conda-forge/noarch/pytz-2025.2-pyhd8ed1ab_0.conda#bc8e3267d44011051f2eb14d22fb0960
https://conda.anaconda.org/conda-forge/osx-arm64/pyyaml-6.0.3-py312h5748b74_0.conda#6a2d7f8a026223c2fa1027c96c615752
https://conda.anaconda.org/conda-forge/noarch/reretry-0.11.8-pyhd8ed1ab_1.conda#b965b0dfdb3c89966a6a25060f73aa67
https://conda.anaconda.org/conda-forge/osx-arm64/rpds-py-0.30.0-py312h6ef9ec0_0.conda#a7cfbbdeb93bb9a3f249bc4c3569cd4c
https://conda.anaconda.org/conda-forge/osx-arm64/ruamel.yaml.clib-0.2.12-py312h163523d_1.conda#338d356028dc93f944448884e1c1ff5d
https://conda.anaconda.org/conda-forge/osx-arm64/setproctitle-1.3.6-py312h4409184_2.conda#4c825dfb419d57becf834ca08a431b93
https://conda.anaconda.org/conda-forge/noarch/setuptools-80.9.0-pyhff2d567_0.conda#4de79c071274a53dcaf2a8c749d1499e
https://conda.anaconda.org/conda-forge/noarch/shellingham-1.5.4-pyhd8ed1ab_2.conda#83ea3a2ddb7a75c1b09cea582aa4f106
https://conda.anaconda.org/conda-forge/noarch/six-1.17.0-pyhe01879c_1.conda#3339e3b65d58accf4ca4fb8748ab16b3
https://conda.anaconda.org/conda-forge/noarch/slack-sdk-3.39.0-pyhd8ed1ab_0.conda#8fb0b000bb4644b675223dda6bfb135a
https://conda.anaconda.org/conda-forge/noarch/smmap-5.0.2-pyhd8ed1ab_0.conda#87f47a78808baf2fa1ea9c315a1e48f1
https://conda.anaconda.org/conda-forge/noarch/tabulate-0.9.0-pyhcf101f3_3.conda#de98449f11d48d4b52eefb354e2bfe35
https://conda.anaconda.org/conda-forge/noarch/throttler-1.2.2-pyhd8ed1ab_0.conda#6fc48bef3b400c82abaee323a9d4e290
https://conda.anaconda.org/conda-forge/noarch/tomli-2.3.0-pyhcf101f3_0.conda#d2732eb636c264dc9aa4cbee404b1a53
https://conda.anaconda.org/conda-forge/noarch/traitlets-5.14.3-pyhd8ed1ab_1.conda#019a7385be9af33791c989871317e1ed
https://conda.anaconda.org/conda-forge/noarch/typing-3.10.0.0-pyhd8ed1ab_2.conda#28abeb80aea7eb4914f3a7543a47e248
https://conda.anaconda.org/conda-forge/noarch/typing_extensions-4.15.0-pyhcf101f3_0.conda#0caa1af407ecff61170c9437a808404d
https://conda.anaconda.org/conda-forge/osx-arm64/unicodedata2-17.0.0-py312h4409184_1.conda#b0b0c7ea4888b6f4009afa7001e6adaa
https://conda.anaconda.org/conda-forge/noarch/wcwidth-0.2.14-pyhd8ed1ab_0.conda#7e1e5ff31239f9cd5855714df8a3783d
https://conda.anaconda.org/conda-forge/noarch/wheel-0.45.1-pyhd8ed1ab_1.conda#75cb7132eb58d97896e173ef12ac9986
https://conda.anaconda.org/conda-forge/osx-arm64/wrapt-1.17.3-py312h163523d_1.conda#5658c0733acef1e0e2701aa1ebaa1f14
https://conda.anaconda.org/conda-forge/noarch/aiosignal-1.4.0-pyhd8ed1ab_0.conda#421a865222cd0c9d83ff08bc78bf3a61
https://conda.anaconda.org/conda-forge/noarch/amply-0.1.6-pyhd8ed1ab_1.conda#5a81866192811f3a0827f5f93e589f02
https://conda.anaconda.org/conda-forge/osx-arm64/aws-c-auth-0.9.1-h1ddaa69_8.conda#d46e18775340ae84d2a059cd00c2aa18
https://conda.anaconda.org/conda-forge/osx-arm64/aws-c-mqtt-0.13.3-haf5c5c8_11.conda#3fcd02361ce1427ae5968fcd532a85b4
https://conda.anaconda.org/conda-forge/noarch/coloredlogs-15.0.1-pyhd8ed1ab_4.conda#b866ff7007b934d564961066c8195983
https://conda.anaconda.org/conda-forge/noarch/conda-inject-1.3.2-pyhd8ed1ab_0.conda#e52c2a160d6bd0649c9fafdf0c813357
https://conda.anaconda.org/conda-forge/noarch/docker-pycreds-0.4.0-py_0.tar.bz2#c69f19038efee4eb534623610d0c2053
https://conda.anaconda.org/conda-forge/noarch/exceptiongroup-1.3.1-pyhd8ed1ab_0.conda#8e662bd460bda79b1ea39194e3c4c9ab
https://conda.anaconda.org/conda-forge/osx-arm64/fonttools-4.61.1-py312h5748b74_0.conda#c14625bf00c41c00cea174f459287fc4
https://conda.anaconda.org/conda-forge/osx-arm64/freetype-2.14.1-hce30654_0.conda#1ec9a1ee7a2c9339774ad9bb6fe6caec
https://conda.anaconda.org/conda-forge/noarch/gitdb-4.0.12-pyhd8ed1ab_0.conda#7c14f3706e099f8fcd47af2d494616cc
https://conda.anaconda.org/conda-forge/osx-arm64/gmpy2-2.2.1-py312hee6aa52_2.conda#bed6eebc8d1690f205a781c993f9bc65
https://conda.anaconda.org/conda-forge/osx-arm64/ihm-2.8-py312h4409184_0.conda#c1d991be8a56511ee1012751074fad73
https://conda.anaconda.org/conda-forge/noarch/jinja2-3.1.6-pyhcf101f3_1.conda#04558c96691bed63104678757beb4f8d
https://conda.anaconda.org/conda-forge/noarch/jupyter_core-5.9.1-pyhc90fa1f_0.conda#b38fe4e78ee75def7e599843ef4c1ab0
https://conda.anaconda.org/conda-forge/osx-arm64/libgfortran-15.2.0-h07b0088_16.conda#11e09edf0dde4c288508501fe621bab4
https://conda.anaconda.org/conda-forge/noarch/lightning-utilities-0.15.2-pyhd8ed1ab_0.conda#4784423620116256b7ca344db44d7ab1
https://conda.anaconda.org/conda-forge/noarch/markdown-it-py-4.0.0-pyhd8ed1ab_0.conda#5b5203189eb668f042ac2b0826244964
https://conda.anaconda.org/conda-forge/noarch/memory_profiler-0.61.0-pyhcf101f3_1.conda#e1bccffd88819e75729412799824e270
https://conda.anaconda.org/conda-forge/noarch/ml-collections-1.0.0-pyh29332c3_0.conda#661f552a80844d1b4261d06307d2190a
https://conda.anaconda.org/bioconda/osx-arm64/mmseqs2-18.8cc5c-h44b2af9_0.tar.bz2#7b589f7197462bd0e83f543614517115
https://conda.anaconda.org/conda-forge/osx-arm64/openldap-2.6.10-hbe55e7a_0.conda#6fd5d73c63b5d37d9196efb4f044af76
https://conda.anaconda.org/conda-forge/osx-arm64/pillow-12.0.0-py312h95c711c_2.conda#817cd66153338f403cf05d8a09d93fad
https://conda.anaconda.org/conda-forge/noarch/pip-25.3-pyh8b19718_0.conda#c55515ca43c6444d2572e0f0d93cb6b9
https://conda.anaconda.org/conda-forge/noarch/prompt-toolkit-3.0.51-pyha770c72_0.conda#d17ae9db4dc594267181bd199bf9a551
https://conda.anaconda.org/conda-forge/noarch/python-dateutil-2.9.0-pyhd8ed1ab_0.conda#2cf4264fffb9e6eff6031c5b6884d61c
https://conda.anaconda.org/conda-forge/noarch/referencing-0.37.0-pyhcf101f3_0.conda#870293df500ca7e18bedefa5838a22ab
https://conda.anaconda.org/conda-forge/osx-arm64/ruamel.yaml-0.17.17-py312h4409184_4.conda#a5e884bf62642fb333adb371ed155b91
https://conda.anaconda.org/conda-forge/noarch/slack_sdk-3.39.0-hd8ed1ab_0.conda#a672233d71f5a59931f2f65e420b1f93
https://conda.anaconda.org/conda-forge/noarch/smart_open-7.5.0-pyhcf101f3_0.conda#9d1659c8332e9822e347e115e6bb4d0c
https://conda.anaconda.org/bioconda/noarch/snakemake-interface-common-1.22.0-pyhd4c3c12_0.conda#e9bb00d8c7d26a5cd220d3d73bee45fb
https://conda.anaconda.org/conda-forge/noarch/tqdm-4.67.1-pyhd8ed1ab_1.conda#9efbfdc37242619130ea42b1cc4ed861
https://conda.anaconda.org/conda-forge/noarch/typer-slim-0.20.0-pyhcf101f3_1.conda#4b02a515f3e882dcfe9cfbf0a1f5cd3a
https://conda.anaconda.org/conda-forge/noarch/typing-extensions-4.15.0-h396c80c_0.conda#edd329d7d3a4ab45dcf905899a7a6115
https://conda.anaconda.org/conda-forge/noarch/typing-inspection-0.4.2-pyhd8ed1ab_1.conda#a0a4a3035667fc34f29bfbd5c190baa6
https://conda.anaconda.org/conda-forge/noarch/urllib3-1.26.20-pyhd8ed1ab_0.conda#0511ede4b6dd034d77fa80c6d09794e1
https://conda.anaconda.org/conda-forge/osx-arm64/yarl-1.22.0-py312h5748b74_0.conda#0a28337559bbd97ff6d99598c7a3ffb4
https://conda.anaconda.org/conda-forge/noarch/yte-1.9.4-pyhd8ed1ab_0.conda#89d5edf5d52d3bc1ed4d7d3feef508ba
https://conda.anaconda.org/conda-forge/osx-arm64/aiohttp-3.13.2-py312he52fbff_0.conda#b4abb46248fa5cf1bc71c1b837c648a8
https://conda.anaconda.org/conda-forge/noarch/annotated-types-0.7.0-pyhd8ed1ab_1.conda#2934f256a8acfe48f6ebb4fce6cde29c
https://conda.anaconda.org/conda-forge/osx-arm64/aws-c-s3-0.11.2-hd6f402a_1.conda#841c60c30077507a78ea709613d2cf23
https://conda.anaconda.org/conda-forge/noarch/botocore-1.42.13-pyhd8ed1ab_0.conda#604d364e7010ad8313d8453879097bf0
https://conda.anaconda.org/conda-forge/osx-arm64/fontconfig-2.15.0-h1383a14_1.conda#7b29f48742cea5d1ccb5edd839cb5621
https://conda.anaconda.org/conda-forge/noarch/freetype-py-2.3.0-pyhd8ed1ab_0.tar.bz2#e4a165cdbbaed5bbb6e653b823156151
https://conda.anaconda.org/conda-forge/noarch/gitpython-3.1.45-pyhff2d567_0.conda#b91d463ea8be13bcbe644ae8bc99c39f
https://conda.anaconda.org/conda-forge/noarch/jsonschema-specifications-2025.9.1-pyhcf101f3_0.conda#439cd0f567d697b20a8f45cb70a1005a
https://conda.anaconda.org/conda-forge/osx-arm64/libopenblas-0.3.30-openmp_ha158390_3.conda#a18a7f471c517062ee71b843ef95eb8a
https://conda.anaconda.org/conda-forge/osx-arm64/libpq-18.1-h944245b_2.conda#0ec602b45be7781667d92fb8e5373494
https://conda.anaconda.org/conda-forge/noarch/modelcif-1.6-pyhd8ed1ab_0.conda#fd9be1295c4b66b5af53679c8b188a5d
https://conda.anaconda.org/conda-forge/osx-arm64/openmpi-4.1.6-h526c993_101.conda#fa9afd3a548f6206422e16969a0b6ffe
https://conda.anaconda.org/conda-forge/osx-arm64/pydantic-core-2.41.5-py312h6ef9ec0_1.conda#88a76b4c912b6127d64298e3d8db980c
https://conda.anaconda.org/conda-forge/noarch/pytest-9.0.2-pyhcf101f3_0.conda#2b694bad8a50dc2f712f5368de866480
https://conda.anaconda.org/conda-forge/noarch/requests-2.32.5-pyhd8ed1ab_0.conda#db0c6b99149880c8ba515cf4abe93ee4
https://conda.anaconda.org/conda-forge/noarch/rich-14.2.0-pyhcf101f3_0.conda#a247579d8a59931091b16a1e932bbed6
https://conda.anaconda.org/conda-forge/noarch/sentry-sdk-2.48.0-pyhd8ed1ab_0.conda#328e2c6d3c229c4669d900bf0abc308a
https://conda.anaconda.org/bioconda/noarch/snakemake-interface-executor-plugins-9.3.9-pyhdfd78af_0.tar.bz2#e75b9c422bcc3c9b52679dedb84f3b71
https://conda.anaconda.org/bioconda/noarch/snakemake-interface-logger-plugins-2.0.0-pyhd4c3c12_0.conda#98f75f2ca3a222992e2230d7afc54bb8
https://conda.anaconda.org/bioconda/noarch/snakemake-interface-report-plugins-1.3.0-pyhd4c3c12_0.conda#e6fd8cfb23b294da699e395dbc968d11
https://conda.anaconda.org/bioconda/noarch/snakemake-interface-scheduler-plugins-2.0.2-pyhd4c3c12_0.conda#1500fccf5e46c7f91d14925449ff3632
https://conda.anaconda.org/bioconda/noarch/snakemake-interface-storage-plugins-4.3.2-pyhd4c3c12_0.conda#b894c6a2d0612da952c9989ac7a22d16
https://conda.anaconda.org/conda-forge/osx-arm64/sqlalchemy-2.0.45-py312h4409184_0.conda#575e19661fd58d1bf652f84f32a4b8e7
https://conda.anaconda.org/conda-forge/noarch/sympy-1.14.0-pyh2585a3b_105.conda#8c09fac3785696e1c477156192d64b91
https://conda.anaconda.org/conda-forge/osx-arm64/awscrt-0.29.1-py312h37683d7_1.conda#e0d5f21b78676e41af74c5f694cf3c44
https://conda.anaconda.org/conda-forge/osx-arm64/cairo-1.18.4-h6a3b0d2_0.conda#38f6df8bc8c668417b904369a01ba2e2
https://conda.anaconda.org/conda-forge/noarch/jsonschema-4.25.1-pyhe01879c_0.conda#341fd940c242cf33e832c0402face56f
https://conda.anaconda.org/conda-forge/osx-arm64/libblas-3.11.0-5_h51639a9_openblas.conda#bcc025e2bbaf8a92982d20863fe1fb69
https://conda.anaconda.org/conda-forge/noarch/pydantic-2.12.5-pyhcf101f3_1.conda#c3946ed24acdb28db1b5d63321dbca7d
https://conda.anaconda.org/pytorch/osx-arm64/pytorch-2.2.2-py3.12_0.tar.bz2#e408945d24a78dabec5627853dee5666
https://conda.anaconda.org/conda-forge/noarch/s3transfer-0.16.0-pyhd8ed1ab_0.conda#061b5affcffeef245d60ec3007d1effd
https://conda.anaconda.org/conda-forge/noarch/typer-slim-standard-0.20.0-h4daf872_1.conda#37b26aafb15a6687b31a3d8d7a1f04e7
https://conda.anaconda.org/conda-forge/noarch/veracitools-0.1.3-py_0.tar.bz2#f2c8d44ea78cf639ab4810aedba43ab5
https://conda.anaconda.org/conda-forge/osx-arm64/awscli-2.32.20-py312hc28c600_0.conda#dfbb3f0345c8d993f1ccf5b4e40647e7
https://conda.anaconda.org/conda-forge/noarch/boto3-1.42.13-pyhd8ed1ab_0.conda#d4e7353eecdc12fc7722b9a09d763908
https://conda.anaconda.org/conda-forge/osx-arm64/libcblas-3.11.0-5_hb0561ab_openblas.conda#efd8bd15ca56e9d01748a3beab8404eb
https://conda.anaconda.org/conda-forge/osx-arm64/liblapack-3.11.0-5_hd9741b5_openblas.conda#ca9d752201b7fa1225bca036ee300f2b
https://conda.anaconda.org/conda-forge/osx-arm64/librdkit-2025.09.3-hab8bf10_0.conda#0b9eb867429877bd117f7a6dd4880dd7
https://conda.anaconda.org/conda-forge/noarch/nbformat-5.10.4-pyhd8ed1ab_1.conda#bbe1963f1e47f594070ffe87cdf612ea
https://conda.anaconda.org/conda-forge/osx-arm64/pycairo-1.29.0-py312h2437029_0.conda#7a27a42db2d7cc92779abbc26e24d343
https://conda.anaconda.org/conda-forge/noarch/typer-0.20.0-pyhefaf540_1.conda#23a53fdefc45ba3f4e075cc0997fd13b
https://conda.anaconda.org/conda-forge/noarch/ubiquerg-0.8.0-pyhd8ed1ab_0.conda#41408dc37271d5d0f99e2e10336cf40d
https://conda.anaconda.org/conda-forge/osx-arm64/wandb-0.23.1-py312h7a0e18e_0.conda#ef3c46d79ba86e77d7c47b7c2fe24972
https://conda.anaconda.org/conda-forge/osx-arm64/coin-or-utils-2.11.12-hbea9910_7.conda#734bf2626447a4dfc6c5ded5279758fc
https://conda.anaconda.org/conda-forge/osx-arm64/gsl-2.7-h6e638da_0.tar.bz2#2a2126a940e033e7225a5dc7215eea9a
https://conda.anaconda.org/conda-forge/osx-arm64/liblapacke-3.11.0-5_h1b118fd_openblas.conda#f77f540d134d9edec0dbf69dba56a4ad
https://conda.anaconda.org/conda-forge/osx-arm64/numpy-2.3.5-py312h85ea64e_0.conda#ee4c185ae9c1edeb8e8cd26273c90a9a
https://conda.anaconda.org/conda-forge/noarch/rlpycairo-0.4.0-pyh6c17108_0.conda#cc70086eaf08be7f62fd44842c013916
https://conda.anaconda.org/conda-forge/osx-arm64/biopython-1.86-py312h4409184_0.conda#731c82a13c0db211d1fc2e82bacc059b
https://conda.anaconda.org/conda-forge/osx-arm64/coin-or-osi-0.108.11-ha2b0f8f_8.conda#57ecf4592cfcb8fc5806f3ddd241f5fe
https://conda.anaconda.org/conda-forge/osx-arm64/contourpy-1.3.3-py312h84eede6_3.conda#e3fbe173dea7137a6d766cbacf697df2
https://conda.anaconda.org/bioconda/osx-arm64/hmmer-3.4-ha1750f9_4.tar.bz2#aa0d424d015cc7baa96f33f4fa02f90c
https://conda.anaconda.org/conda-forge/osx-arm64/libboost-python-1.86.0-py312habbcb05_4.conda#ae4fddd6d5ebe8b88be43de7e2c8e078
https://conda.anaconda.org/conda-forge/osx-arm64/pandas-2.3.3-py312h5978115_2.conda#fcbba82205afa4956c39136c68929385
https://conda.anaconda.org/conda-forge/osx-arm64/reportlab-4.4.6-py312h4409184_0.conda#c65f5a54c4f30c78e12b4e6959609c5e
https://conda.anaconda.org/conda-forge/osx-arm64/scipy-1.16.3-py312h39258fd_2.conda#24765804abd9985bf6fbc57c9691479b
https://conda.anaconda.org/conda-forge/noarch/torchmetrics-1.8.2-pyhd8ed1ab_0.conda#5d6e1558a945d0333ae7dc557add7201
https://conda.anaconda.org/conda-forge/osx-arm64/biotraj-1.2.2-py312h455b684_1.conda#d04cc9ea4c122fecc46ea5e4e2065387
https://conda.anaconda.org/conda-forge/osx-arm64/coin-or-clp-1.17.10-ha5fe85a_3.conda#f1c94cb2a0b489a8561e92969c08d57f
https://conda.anaconda.org/conda-forge/osx-arm64/matplotlib-base-3.10.8-py312h605b88b_0.conda#fbc4f90b3d63ea4e6c30f7733a0b5bfd
https://conda.anaconda.org/conda-forge/noarch/pytorch-lightning-2.6.0-pyhcf101f3_0.conda#8e15789d6cd57fd98f762c7475a59ded
https://conda.anaconda.org/conda-forge/osx-arm64/biotite-1.2.0-py312hd8f9ff3_0.conda#cf345feb4d5755b1abef541c85b252c8
https://conda.anaconda.org/conda-forge/osx-arm64/coin-or-cgl-0.60.9-h24d7dbf_6.conda#6471c23e2a4d037d30eddbdbcb31fe11
https://conda.anaconda.org/conda-forge/osx-arm64/rdkit-2025.09.3-py312hc147c13_0.conda#4815d59eb1d55db5962397121cd02f43
https://conda.anaconda.org/conda-forge/osx-arm64/coin-or-cbc-2.10.12-h0c75da4_4.conda#3795d77c93c3b02009f6bbc4b2c8e1aa
https://conda.anaconda.org/conda-forge/osx-arm64/pulp-2.8.0-py312h38bd297_3.conda#c04e802b868f8d004e42d4a35f6a30f0
https://conda.anaconda.org/bioconda/noarch/snakemake-minimal-9.14.5-pyhdfd78af_0.conda#506595d74d93a867497f0c97144007c5
https://conda.anaconda.org/conda-forge/noarch/eido-0.2.4-pyhd8ed1ab_0.conda#fc815854ab62482e2f2f0d8fab786a1c
https://conda.anaconda.org/conda-forge/noarch/pephubclient-0.4.4-pyhd8ed1ab_1.conda#08d92912686d87b05d53ce04f00142c8
https://conda.anaconda.org/conda-forge/noarch/peppy-0.40.8-pyhd8ed1ab_0.conda#af8214b9b5fd6d49175958be2a4f5321
https://conda.anaconda.org/bioconda/noarch/snakemake-9.14.5-hdfd78af_0.conda#f58d59bad6b87b017ed678571ec76577
# pip einops @ https://files.pythonhosted.org/packages/87/62/9773de14fe6c45c23649e98b83231fffd7b9892b6cf863251dc2afa73643/einops-0.8.1-py3-none-any.whl#sha256=919387eb55330f5757c6bea9165c5ff5cfe63a642682ea788a6d472576d81737
# pip gemmi @ https://files.pythonhosted.org/packages/f5/12/7716f427f9b37fef11535d4911ffeddce2493fb464ce4b9b9a3f8130abac/gemmi-0.7.4-cp312-cp312-macosx_11_0_arm64.whl#sha256=233476ec16cdf1a54416c317a6c737bf165024a839fea93f1fc020e2ac6640e2
# pip hjson @ https://files.pythonhosted.org/packages/1f/7f/13cd798d180af4bf4c0ceddeefba2b864a63c71645abc0308b768d67bb81/hjson-3.1.0-py3-none-any.whl#sha256=65713cdcf13214fb554eb8b4ef803419733f4f5e551047c9b711098ab7186b89
# pip ninja @ https://files.pythonhosted.org/packages/3c/74/d02409ed2aa865e051b7edda22ad416a39d81a84980f544f8de717cab133/ninja-1.13.0-py3-none-macosx_10_9_universal2.whl#sha256=fa2a8bfc62e31b08f83127d1613d10821775a0eb334197154c4d6067b7068ff1
# pip py-cpuinfo @ https://files.pythonhosted.org/packages/e0/a9/023730ba63db1e494a271cb018dcd361bd2c917ba7004c3e49d5daf795a2/py_cpuinfo-9.0.0-py3-none-any.whl#sha256=859625bc251f64e21f077d099d4162689c762b5d6a4c3c97553d56241c9674d5
# pip deepspeed @ https://files.pythonhosted.org/packages/1b/88/989a2346b7fd618695ad468f4e29a98656a053143fae5587c2924ddb34f8/deepspeed-0.18.3.tar.gz#sha256=0ee0002d8205667ee8463dab8461fb5914dac1583440fe1c48a3a385bb4130ea
# pip pdbeccdutils @ https://files.pythonhosted.org/packages/5d/94/77773171d66dac29e59a22df87505e05faba30a2c4a1faceff5262228a10/pdbeccdutils-1.0.0-py3-none-any.whl#sha256=dcc6bcb363f9cb0f9be15c465abf2a56809926d8275ccdc50d4f8438ab776c7b
