# Generated by conda-lock.
# platform: linux-64
# input_hash: 087d10bd095e39034e7d5d1407fdc3e095b99c62ecee1227d24da84fc8517dd1
@EXPLICIT
https://conda.anaconda.org/conda-forge/noarch/cuda-version-12.9-h4f385c5_3.conda#b6d5d7f1c171cbd228ea06b556cfa859
https://conda.anaconda.org/conda-forge/noarch/font-ttf-dejavu-sans-mono-2.37-hab24e00_0.tar.bz2#0c96522c6bdaed4b1566d11387caaf45
https://conda.anaconda.org/conda-forge/noarch/font-ttf-inconsolata-3.000-h77eed37_0.tar.bz2#34893075a5c9e55cdafac56607368fc6
https://conda.anaconda.org/conda-forge/noarch/font-ttf-source-code-pro-2.038-h77eed37_0.tar.bz2#4d59c254e01d9cde7957100457e2d5fb
https://conda.anaconda.org/conda-forge/noarch/font-ttf-ubuntu-0.83-h77eed37_3.conda#49023d73832ef61042f6a237cb2687e7
https://conda.anaconda.org/conda-forge/linux-64/mpi-1.0-openmpi.tar.bz2#1dcc49e16749ff79ba2194fa5d4ca5e7
https://conda.anaconda.org/conda-forge/noarch/pybind11-abi-11-hc364b38_1.conda#f0599959a2447c1e544e216bddf393fa
https://conda.anaconda.org/conda-forge/noarch/python_abi-3.13-9_cp313.conda#c5abc97af551bc12d71305852392f75c
https://conda.anaconda.org/conda-forge/noarch/tzdata-2026c-h151e31d_0.conda#fcb489df604d100968b737f2cb6076c6
https://conda.anaconda.org/conda-forge/noarch/ca-certificates-2026.7.22-hbd8a1cb_0.conda#0f51e2391ade309db462a55611263e9c
https://conda.anaconda.org/conda-forge/linux-64/cuda-crt-tools-12.9.86-ha770c72_2.conda#503a94e20d2690d534d676a764a1852c
https://conda.anaconda.org/conda-forge/noarch/cuda-cudart_linux-64-12.9.79-h3f2d84a_0.conda#64508631775fbbf9eca83c84b1df0cae
https://conda.anaconda.org/conda-forge/noarch/fonts-conda-forge-1-hc364b38_1.conda#a7970cd949a077b7cb9696379d338681
https://conda.anaconda.org/conda-forge/linux-64/libgomp-16.2.0-he0feb66_4.conda#89d2c1231f47bd818f5d624b9411459d
https://conda.anaconda.org/conda-forge/linux-64/libzlib-1.3.2-h25fd6f3_3.conda#0de0122d9570a8ab637c6b73db268389
https://conda.anaconda.org/conda-forge/linux-64/llvm-openmp-23.1.0-h7148c6a_0.conda#58b4529023435973ab911c3c51892671
https://conda.anaconda.org/conda-forge/linux-64/_openmp_mutex-4.5-8_kmp_llvm.conda#b4d1b93dd1dab4eea23395fd5e5b357d
https://conda.anaconda.org/conda-forge/noarch/fonts-conda-ecosystem-1-0.tar.bz2#fee5683a3f04bd15cbd8318b096a27ab
https://conda.anaconda.org/conda-forge/linux-64/zlib-1.3.2-h25fd6f3_3.conda#6acb86426229f96f93e5468d1df3a5e8
https://conda.anaconda.org/conda-forge/linux-64/zstd-1.5.7-hb78ec9c_7.conda#aa459086047c0e5e27023ab19f8cb86a
https://conda.anaconda.org/conda-forge/linux-64/ld_impl_linux-64-2.46.1-default_hbd61a6d_102.conda#449500f2c089da11c40f5c21312e3e07
https://conda.anaconda.org/conda-forge/linux-64/libgcc-16.2.0-ha9f2e26_4.conda#cba14d01083fc62ffd32c24d7d390633
https://conda.anaconda.org/conda-forge/linux-64/aws-c-common-0.14.3-hb03c661_0.conda#ce8664d7c01d4a598ad38107b289b5ec
https://conda.anaconda.org/conda-forge/linux-64/bzip2-1.0.8-hda65f42_10.conda#e675fabcf81499adc7edf58124fb1e01
https://conda.anaconda.org/conda-forge/linux-64/c-ares-1.34.8-hebe6cf0_2.conda#3ad2b403be8fc5612b9159e2ce621f69
https://conda.anaconda.org/conda-forge/linux-64/cuda-nvvm-tools-12.9.86-h4bc722e_2.conda#f9af26e4079adcd72688a8e8dbecb229
https://conda.anaconda.org/conda-forge/linux-64/fribidi-1.0.16-h7cc23a3_2.conda#16d6e5a0f8dbc17bd6669dba6f49bad3
https://conda.anaconda.org/conda-forge/linux-64/keyutils-1.6.3-h7cc23a3_1.conda#ba55d1b89fd7775e67de8291029b4059
https://conda.anaconda.org/conda-forge/linux-64/libbrotlicommon-1.2.0-h39a168f_3.conda#7a2499a177753582fb7ae7e9dc4a908a
https://conda.anaconda.org/conda-forge/linux-64/libcap-2.78-h084b8d7_1.conda#5db514adf5f843126ff846d1510f22a4
https://conda.anaconda.org/conda-forge/linux-64/libdeflate-1.25-hd45a770_1.conda#40f9b31aa9cf007789867df0decd0492
https://conda.anaconda.org/conda-forge/linux-64/libexpat-2.8.1-hecca717_1.conda#b24d3c612f71e7aa74158d92106318b2
https://conda.anaconda.org/conda-forge/linux-64/libffi-3.7.0-h81df57d_1.conda#6525a0b06aa4fd390795f0740636a9dd
https://conda.anaconda.org/conda-forge/linux-64/libgcc-ng-16.2.0-h69a702a_4.conda#b3e52878163a841f6fb951989cc0b217
https://conda.anaconda.org/conda-forge/linux-64/libgfortran5-16.2.0-h6b99dfc_4.conda#c22348a769bb072b6184eb6f7f05e4f2
https://conda.anaconda.org/conda-forge/linux-64/libiconv-1.18-h0cb94f2_3.conda#f92233bf33e24a25668bb2119e2c51f9
https://conda.anaconda.org/conda-forge/linux-64/libjpeg-turbo-3.2.0-hb03c661_1.conda#898d1c9793eaa52efc4727bd84d2e39a
https://conda.anaconda.org/conda-forge/linux-64/liblzma-5.8.3-hb03c661_1.conda#1390b7c5ac0b1d8e447bc5efa6d3c8c2
https://conda.anaconda.org/conda-forge/linux-64/libmpdec-4.0.0-hb03c661_2.conda#fcfed1dc5053eb1901b66e7b1fc32588
https://conda.anaconda.org/conda-forge/linux-64/libnl-3.11.0-hb03c661_1.conda#eeaf53e3c9593d63ffee5ad97182858e
https://conda.anaconda.org/conda-forge/linux-64/libntlm-1.8-hb9d3cd8_0.conda#7c7927b404672409d9917d49bff5f2d6
https://conda.anaconda.org/conda-forge/linux-64/libpng-1.6.58-h922cc85_1.conda#fcf71c8d979148873f6f8ad4cfc73d86
https://conda.anaconda.org/conda-forge/linux-64/libstdcxx-16.2.0-h934c35e_4.conda#2f2ef0d96de5bdd8c1270ff22fdf9352
https://conda.anaconda.org/conda-forge/linux-64/libuuid-2.42.3-hcfc3c73_0.conda#74a0a409d9f4561265d36b789d3f398a
https://conda.anaconda.org/conda-forge/linux-64/libuv-1.52.1-h280c20c_1.conda#01c4ed87826af55996768af6dbc936b4
https://conda.anaconda.org/conda-forge/linux-64/libwebp-base-1.6.0-hd42ef1d_1.conda#9332b53d0ea93c5d39e33be03a0c611a
https://conda.anaconda.org/conda-forge/linux-64/libxcrypt-4.4.38-h280c20c_0.conda#f7a7ff5a6ab331e037abd34f379a631d
https://conda.anaconda.org/conda-forge/linux-64/ncurses-6.6-hdb14827_1.conda#ee6c0cd80a60961a1f48aa3e0b91f986
https://conda.anaconda.org/conda-forge/linux-64/openssl-3.6.4-h781a0a9_0.conda#16e3034a330cc625f2c685edec60cf4e
https://conda.anaconda.org/conda-forge/linux-64/pthread-stubs-0.4-h7cc23a3_1004.conda#bb66b610707b811e3c65181a6431e7a8
https://conda.anaconda.org/conda-forge/linux-64/tk-8.6.13-noxft_h1df4ec4_4.conda#676a2f9b1c4fcf57b70aa5c65f6c60d0
https://conda.anaconda.org/conda-forge/linux-64/xorg-libice-1.1.2-h280c20c_0.conda#85c9442aec283b4e464fa9ecc484a2f3
https://conda.anaconda.org/conda-forge/linux-64/xorg-libxau-1.0.12-hb03c661_2.conda#f06ef439c280a5f90b8bf62355008dbc
https://conda.anaconda.org/conda-forge/linux-64/xorg-libxdmcp-1.1.5-hb03c661_2.conda#2e66c929f3d879708335b6ea4557c838
https://conda.anaconda.org/conda-forge/linux-64/yaml-0.2.5-hebe6cf0_3.conda#e741576fb8f89821ac7c1c537322a33d
https://conda.anaconda.org/conda-forge/linux-64/aws-c-cal-0.9.15-h6bbde05_1.conda#8f2b374c79908f271be3d0e9f1c462a8
https://conda.anaconda.org/conda-forge/linux-64/aws-c-compression-0.3.2-h01ee8f8_5.conda#ae862abdbb3160f97478d3d4749164c0
https://conda.anaconda.org/conda-forge/linux-64/aws-c-sdkutils-0.2.7-h01ee8f8_3.conda#412f0cf18cc4c4945655dba954ca2d76
https://conda.anaconda.org/conda-forge/linux-64/aws-checksums-0.2.10-h01ee8f8_5.conda#4d70caf5260e0787675c3bf61ae5b64c
https://conda.anaconda.org/conda-forge/linux-64/cuda-cudart-12.9.79-h5888daf_0.conda#cb15315d19b58bd9cd424084e58ad081
https://conda.anaconda.org/conda-forge/linux-64/cuda-cupti-12.9.79-h676940d_2.conda#dcbc9b64f862ad6f92fa15bb9e95cb57
https://conda.anaconda.org/conda-forge/linux-64/cuda-nvcc-tools-12.9.86-he02047a_2.conda#dc256c9864c2e8e9c817fbca1c84a4bc
https://conda.anaconda.org/conda-forge/linux-64/cuda-nvdisasm-12.9.88-hffce074_1.conda#5e7845d208a5067cb1461a429ff887e0
https://conda.anaconda.org/conda-forge/linux-64/cuda-nvrtc-12.9.86-hecca717_1.conda#53f0062e2243b26e43ddac0b5267c6a3
https://conda.anaconda.org/conda-forge/linux-64/cuda-nvtx-12.9.79-hecca717_1.conda#b4a3411fa031c409f98cfbd4b2db9ad7
https://conda.anaconda.org/conda-forge/linux-64/fmt-12.1.0-h76c4fd7_1.conda#a70bb6d42ad121aef456e0007e92bed6
https://conda.anaconda.org/conda-forge/linux-64/gmp-6.3.0-hfd2156b_3.conda#576e32739f323438bf69ab006c21be7b
https://conda.anaconda.org/conda-forge/linux-64/graphite2-1.3.15-h54a6638_1.conda#f9fe2984587fa8235a6af6004760cd18
https://conda.anaconda.org/conda-forge/linux-64/icu-78.3-py310h44b86e0_2.conda#72a381cbad04f24b1c2a43ef707f45b4
https://conda.anaconda.org/conda-forge/linux-64/lerc-4.2.0-hdb68285_0.conda#fb9d356b1a57d6d54768be7ebd5fce09
https://conda.anaconda.org/conda-forge/linux-64/libabseil-20260107.1-cxx17_h7b12aa8_0.conda#6f7b4302263347698fd24565fbf11310
https://conda.anaconda.org/conda-forge/linux-64/libaio-0.3.113-h166bdaf_0.tar.bz2#06656768fe0cb08ee3ccc231a1aaf365
https://conda.anaconda.org/conda-forge/linux-64/libasprintf-0.25.1-h3f43e3d_1.conda#3b0d184bc9404516d418d4509e418bdc
https://conda.anaconda.org/conda-forge/linux-64/libbrotlidec-1.2.0-ha411449_3.conda#6ab3315dc56618d652c1da42a648a129
https://conda.anaconda.org/conda-forge/linux-64/libbrotlienc-1.2.0-h018ffa1_3.conda#2ac965638d4c6b2b38383bb1aebaf543
https://conda.anaconda.org/conda-forge/linux-64/libcufft-11.4.1.4-hecca717_1.conda#75ae571353ec92c8f34d4cf6ec6ba264
https://conda.anaconda.org/conda-forge/linux-64/libcurand-10.3.10.19-h676940d_1.conda#2a91559a9345bedf09af8b7903deb6e6
https://conda.anaconda.org/conda-forge/linux-64/libedit-3.1.20250104-pl5321h373387f_1.conda#50708d3b951d0f8e2d7f2df5b5edc040
https://conda.anaconda.org/conda-forge/linux-64/libfreetype6-2.14.3-h5e6c136_2.conda#b72a266a9317036fd0464cb98b027cd0
https://conda.anaconda.org/conda-forge/linux-64/libgettextpo-0.25.1-h3f43e3d_1.conda#2f4de899028319b27eb7a4023be5dfd2
https://conda.anaconda.org/conda-forge/linux-64/libgfortran-16.2.0-h69a702a_4.conda#5e92b8413fd1c8f8f3006f4661b12def
https://conda.anaconda.org/conda-forge/linux-64/libnvjitlink-12.9.86-hecca717_2.conda#3461b0f2d5cbb7973d361f9e85241d98
https://conda.anaconda.org/conda-forge/linux-64/libpython-3.13.15-hdc7f604_103_cp313.conda#e64cd43bbd07afafbc458138e979c851
https://conda.anaconda.org/conda-forge/linux-64/libssh2-1.11.1-h6154650_1.conda#5c526561e1d2a2e071941174eae84557
https://conda.anaconda.org/conda-forge/linux-64/libstdcxx-ng-16.2.0-hdf11a46_4.conda#de0dceacf3e33c5fc88e167885dc8274
https://conda.anaconda.org/conda-forge/linux-64/libsystemd0-257.13-h084b8d7_1.conda#ea0da9c20bbb221b530810c3c68bbe62
https://conda.anaconda.org/conda-forge/linux-64/libudev1-257.13-h084b8d7_1.conda#89e5671a076d99516a6acd72a35b1640
https://conda.anaconda.org/conda-forge/linux-64/libxcb-1.17.0-hb83e432_2.conda#61f0ffba9161cbb3a77722869b21e4bb
https://conda.anaconda.org/conda-forge/linux-64/nccl-2.30.7.1-h4d09622_0.conda#07c134a9fd671b7666b3941b24056ec5
https://conda.anaconda.org/conda-forge/linux-64/pcre2-10.47-h8b3dc9c_1.conda#06f6113cf1ff4a54b65f87ead132a5f1
https://conda.anaconda.org/conda-forge/linux-64/perl-5.32.1-7_hd590300_perl5.conda#f2cfec9406850991f4e3d960cc9e3321
https://conda.anaconda.org/conda-forge/linux-64/pixman-0.46.4-h54a6638_3.conda#0ee5bb30034b081a1386c1e2c98ab0a7
https://conda.anaconda.org/conda-forge/linux-64/readline-8.3-hd6e31c0_1.conda#69c01c781e7c8190bbdaf79e3848c5ca
https://conda.anaconda.org/conda-forge/linux-64/s2n-1.7.6-h7e3ee7f_0.conda#e112cadcd79412d81496e784884bddf0
https://conda.anaconda.org/conda-forge/linux-64/sleef-3.9.0-ha0421bc_0.conda#e8a0b4f5e82ecacffaa5e805020473cb
https://conda.anaconda.org/conda-forge/linux-64/uv-0.12.9-h86a270d_0.conda#9e70c78fa60e890a2f29af40d4fa7bde
https://conda.anaconda.org/conda-forge/linux-64/xorg-libsm-1.2.6-h0d788c3_1.conda#aa7459ed9ad086ba11dda843d764b33d
https://conda.anaconda.org/conda-forge/linux-64/zlib-ng-2.3.3-hce19668_1.conda#1726acec19beeed1c764385cd8622405
https://conda.anaconda.org/conda-forge/linux-64/aws-c-io-0.27.5-h4f381ba_1.conda#948f5a4fddac779b7942626e5807caba
https://conda.anaconda.org/conda-forge/linux-64/brotli-bin-1.2.0-h9908984_3.conda#8929291d9efc59715df1cfa7daf5e3ed
https://conda.anaconda.org/conda-forge/linux-64/cuda-cuobjdump-12.9.82-hffce074_1.conda#55a83761db33f82d92d7d7a4a61662e5
https://conda.anaconda.org/conda-forge/linux-64/krb5-1.22.2-hbc21106_2.conda#53318d715316929a574f83591308b1f8
https://conda.anaconda.org/conda-forge/linux-64/libboost-1.86.0-hd24cca6_5.conda#0d46f3db184ec649d41c3dfbfe986742
https://conda.anaconda.org/conda-forge/linux-64/libcublas-12.9.2.10-h676940d_0.conda#55dfb580a84aea59185586a306bf9605
https://conda.anaconda.org/conda-forge/linux-64/libcusparse-12.5.10.65-hecca717_2.conda#890ebfaad48c887d3d82847ec9d6bc79
https://conda.anaconda.org/conda-forge/linux-64/libfreetype-2.14.3-ha770c72_2.conda#f8054e759d0ddddaf34a5c8fedc900a1
https://conda.anaconda.org/conda-forge/linux-64/libgfortran-ng-16.2.0-h69a702a_4.conda#02101682ef8d41eba983136613eba99e
https://conda.anaconda.org/conda-forge/linux-64/libglib-2.88.3-he503a2a_2.conda#533d342dedadf134c67760ce6fc5b748
https://conda.anaconda.org/conda-forge/linux-64/libprotobuf-6.33.5-h538a264_2.conda#0f310965b9db4ef4ed9cd8a1672d9404
https://conda.anaconda.org/conda-forge/linux-64/libsqlite-3.53.4-h13e7031_1.conda#e72bbec309c2b0f37823ee7d4fabfcd3
https://conda.anaconda.org/conda-forge/linux-64/libtiff-4.7.2-hcc2c06a_1.conda#0907d876f460ebc941ae590338b6102f
https://conda.anaconda.org/conda-forge/linux-64/libxml2-16-2.15.3-hca6bf5a_1.conda#20e4d67ec908f0405124f11612c48305
https://conda.anaconda.org/conda-forge/linux-64/mpfr-4.2.2-ha2cb11d_1.conda#7dcc10f6c0bc3596d5519a710a84dfd4
https://conda.anaconda.org/conda-forge/linux-64/qhull-2020.2-h434a139_5.conda#353823361b1d27eb3960efb076dfcaf6
https://conda.anaconda.org/conda-forge/linux-64/rdma-core-64.0-h192683f_0.conda#6868d036199abfb9969fe738ae59e1b0
https://conda.anaconda.org/conda-forge/linux-64/xorg-libx11-1.8.13-he1eb515_1.conda#8c282bbe4808a3cc80a5c98e9aec1cfc
https://conda.anaconda.org/conda-forge/linux-64/aws-c-event-stream-0.7.1-h1d67b22_5.conda#a2dd9d6d6bfe33c44de552b792328a67
https://conda.anaconda.org/conda-forge/linux-64/aws-c-http-0.11.0-hbe094ff_5.conda#c09f7ec7327b8bd52fc2d6eacaa18d3b
https://conda.anaconda.org/conda-forge/linux-64/brotli-1.2.0-h505cf86_3.conda#6ff307b78fbfb7dcafb7e25ff8bc9c10
https://conda.anaconda.org/conda-forge/linux-64/cyrus-sasl-2.1.28-hac629b4_1.conda#af491aae930edc096b58466c51c4126c
https://conda.anaconda.org/conda-forge/linux-64/fontconfig-2.18.3-h4db4eae_1.conda#922776b528a470ab5afa81fd42abfa1d
https://conda.anaconda.org/conda-forge/linux-64/freetype-2.14.3-ha770c72_2.conda#2d0ea23b23603e07ca47f23f949f67b6
https://conda.anaconda.org/conda-forge/linux-64/gawk-5.4.1-h0a3468a_0.conda#64fd8d804a6aaef55d6d6c562446d72b
https://conda.anaconda.org/conda-forge/linux-64/lcms2-2.19.1-h9073bf1_2.conda#b68c7304d2edb0f1a5bdfb875094d603
https://conda.anaconda.org/conda-forge/linux-64/libcudnn-9.10.2.21-hf7e9902_0.conda#a178a1f3642521f104ecceeefa138d01
https://conda.anaconda.org/conda-forge/linux-64/libcudss-0.7.1.4-h58dd1b1_1.conda#c5b8ea827c65e5811d61aa49cd0bae9a
https://conda.anaconda.org/conda-forge/linux-64/libcufile-1.14.1.1-hbc026e6_1.conda#cab1818eada3952ed09c8dcbb7c26af7
https://conda.anaconda.org/conda-forge/linux-64/libcusolver-11.7.5.82-h676940d_2.conda#bb6e31a0daa64ede76fe8d3fff01c06f
https://conda.anaconda.org/conda-forge/linux-64/libxml2-2.15.3-h49c6c72_1.conda#2d34cdb31014cbc8f1e9384c89ede0a5
https://conda.anaconda.org/conda-forge/linux-64/mpc-1.4.0-ha2cb11d_1.conda#f0f6c8691a9ed4099d1f287a444e251a
https://conda.anaconda.org/conda-forge/linux-64/openjpeg-2.5.4-h55e1f5c_1.conda#b76e9e2ba1b86d68e2e5285fa959959c
https://conda.anaconda.org/conda-forge/linux-64/openmpi-4.1.6-hc5af2df_101.conda#f9a2ad0088ee38f396350515fa37d243
https://conda.anaconda.org/conda-forge/linux-64/python-3.13.15-hf47f18c_103_cp313.conda#641613f2d89da811bc29fa4cde88ef20
https://conda.anaconda.org/conda-forge/linux-64/xorg-libxext-1.3.7-h7cc23a3_1.conda#e5b6b28536b81b3f4cb20db4668a4642
https://conda.anaconda.org/conda-forge/linux-64/xorg-libxrender-0.9.12-hb03c661_1.conda#e470d224a7a5be1b1d021bded7abb536
https://conda.anaconda.org/conda-forge/noarch/absl-py-2.5.0-pyhd8ed1ab_0.conda#1ec5202407b4006470f9a21c32c4b90c
https://conda.anaconda.org/conda-forge/noarch/annotated-doc-0.0.5-pyhcf101f3_0.conda#d68ec17cb915cab4642357417ec0a104
https://conda.anaconda.org/conda-forge/noarch/argparse-dataclass-2.0.0-pyhd8ed1ab_1.conda#3c0e753fd317fa10d34020a2bc8add8e
https://conda.anaconda.org/conda-forge/linux-64/aria2-1.37.0-h4b33fff_4.conda#95fb49dd7b23d4e788da61095ec258de
https://conda.anaconda.org/conda-forge/noarch/attrs-26.1.0-pyhcf101f3_0.conda#c6b0543676ecb1fb2d7643941fe375f2
https://conda.anaconda.org/conda-forge/linux-64/aws-c-auth-0.10.4-h4610da3_2.conda#cefa84dbf94066e7a6902af288a2fedd
https://conda.anaconda.org/conda-forge/linux-64/aws-c-mqtt-0.16.0-h94f2f89_3.conda#9da082aef418fe3d001af9574f5d277d
https://conda.anaconda.org/conda-forge/linux-64/backports.zstd-1.7.0-py313h8f72f4d_0.conda#40454ef16bb96ae63f063b50c8b68603
https://conda.anaconda.org/conda-forge/linux-64/brotli-python-1.2.0-py313h2fc2bef_3.conda#3bc8e37c6272e48b6eb6d15267b8a377
https://conda.anaconda.org/conda-forge/linux-64/cairo-1.18.4-h3c89d7e_3.conda#7b870cffbaa8430290e567a0facd8dca
https://conda.anaconda.org/conda-forge/noarch/certifi-2026.7.22-pyhd8ed1ab_0.conda#37e13edbe3b48f1095a9d085ef9cd83b
https://conda.anaconda.org/conda-forge/noarch/charset-normalizer-3.5.1-pyhd8ed1ab_0.conda#e0ac3accc64e23e40969d660e5f58ac8
https://conda.anaconda.org/conda-forge/noarch/click-8.4.2-pyhc90fa1f_0.conda#2c4bd6aeb90bb157456841c3270a0d92
https://conda.anaconda.org/conda-forge/noarch/colorama-0.4.6-pyhd8ed1ab_1.conda#962b9857ee8e7018c22f2776ffa0b2d7
https://conda.anaconda.org/conda-forge/noarch/connection_pool-0.0.3-pyhd3deb0d_0.tar.bz2#e270fff08907db8691c02a0eda8d38ae
https://conda.anaconda.org/conda-forge/noarch/cpython-3.13.15-py313hd8ed1ab_103.conda#23f5019df9a1d2287cb99af4c81ca8d2
https://conda.anaconda.org/conda-forge/noarch/cycler-0.12.1-pyhcf101f3_2.conda#4c2a8fef270f6c69591889b93f9f55c1
https://conda.anaconda.org/conda-forge/noarch/distro-1.8.0-pyhd8ed1ab_0.conda#67999c5465064480fa8016d00ac768f6
https://conda.anaconda.org/conda-forge/linux-64/docutils-0.18.1-py313h78bf25f_1.conda#0d72df6ebc7870ee7f7486dde11b7732
https://conda.anaconda.org/conda-forge/noarch/dpath-2.2.0-pyha770c72_1.conda#7b2af124684a994217e62c641bca2e48
https://conda.anaconda.org/conda-forge/noarch/einops-0.8.2-pyhd8ed1ab_0.conda#59f72c47e4c63aacae4b322ac00bda7c
https://conda.anaconda.org/conda-forge/noarch/filelock-3.32.5-pyhd8ed1ab_0.conda#9b091d04be6b722d4ed7dfee34295dea
https://conda.anaconda.org/conda-forge/noarch/freetype-py-2.3.0-pyhd8ed1ab_0.tar.bz2#e4a165cdbbaed5bbb6e653b823156151
https://conda.anaconda.org/conda-forge/noarch/fsspec-2026.7.0-pyhd8ed1ab_0.conda#b9176565976c773a0739bd83deaf06cc
https://conda.anaconda.org/conda-forge/noarch/func_timeout-4.3.5-pyhd8ed1ab_1.conda#0ddc5bd5579ca954a1f9cffe435c0f42
https://conda.anaconda.org/conda-forge/linux-64/gmpy2-2.3.1-py313ha4a6282_0.conda#ab774b6526899f7f9816efeb02372c0f
https://conda.anaconda.org/conda-forge/linux-64/greenlet-3.5.5-py313h5d5ffb9_0.conda#93958bd873584f108c7e0667081601d9
https://conda.anaconda.org/bioconda/linux-64/hhsuite-3.3.0-h503566f_15.tar.bz2#e801804120ec051c8a1f8359e7e25067
https://conda.anaconda.org/conda-forge/noarch/hjson-py-3.1.0-pyhd8ed1ab_1.conda#404a42a57137c137b03102161c5bb2a8
https://conda.anaconda.org/conda-forge/noarch/hpack-4.2.0-pyhd8ed1ab_0.conda#b395909221b9bd1df066e5930e18855b
https://conda.anaconda.org/conda-forge/noarch/humanfriendly-10.0-pyh707e725_8.conda#7fe569c10905402ed47024fc481bb371
https://conda.anaconda.org/conda-forge/noarch/hyperframe-6.1.0-pyhd8ed1ab_0.conda#8e6923fc12f1fe8f8c4e5c9f343256ac
https://conda.anaconda.org/conda-forge/noarch/idna-3.19-pyhcf101f3_0.conda#a39ae05027e9b707742e41b30d296b75
https://conda.anaconda.org/conda-forge/noarch/ijson-3.5.1-pyhcf101f3_1.conda#f9c4de829f497cb3f6848aef322228d0
https://conda.anaconda.org/conda-forge/linux-64/immutables-0.21-py313h07c4f96_2.conda#68ad0cf3b5c557b70e06e901f7dd3d6a
https://conda.anaconda.org/conda-forge/noarch/jmespath-1.0.1-pyhd8ed1ab_1.conda#972bdca8f30147135f951847b30399ea
https://conda.anaconda.org/conda-forge/linux-64/kiwisolver-1.5.1-py313h2551ef2_0.conda#cb89d589c15417938ec7f4fe67bc4088
https://conda.anaconda.org/conda-forge/linux-64/libhwloc-2.13.0-default_he001693_1000.conda#c197985b58bc813d26b42881f0021c82
https://conda.anaconda.org/conda-forge/noarch/logmuse-0.3.0-pyhcf101f3_0.conda#789b0a3d1b8e7d69733894ac32eb8b69
https://conda.anaconda.org/conda-forge/linux-64/markupsafe-3.0.3-py313h3dea7bd_1.conda#aeb9b9da79fd0258b3db091d1fefcd71
https://conda.anaconda.org/conda-forge/noarch/mdurl-0.1.2-pyhd8ed1ab_1.conda#592132998493b3ff25fd7479396e8351
https://conda.anaconda.org/conda-forge/noarch/mpmath-1.3.0-pyhd8ed1ab_1.conda#3585aa87c43ab15b167b574cd73b057b
https://conda.anaconda.org/conda-forge/linux-64/msgpack-python-1.2.2-py313h2551ef2_1.conda#24a1a51e4af587338f42ecc74c9c9e85
https://conda.anaconda.org/conda-forge/noarch/munkres-1.1.4-pyhd8ed1ab_1.conda#37293a85a0f4f77bbd9cf7aaefc62609
https://conda.anaconda.org/conda-forge/noarch/networkx-3.6.1-pyhcf101f3_0.conda#a2c1eeadae7a309daed9d62c96012a2b
https://conda.anaconda.org/conda-forge/noarch/nvidia-ml-py-13.610.43-pyhd8ed1ab_0.conda#17cdeea29f316aba0c85b4886183418e
https://conda.anaconda.org/conda-forge/linux-64/openldap-2.6.13-hbde042b_0.conda#680608784722880fbfe1745067570b00
https://conda.anaconda.org/conda-forge/noarch/packaging-26.3-pyhc364b38_0.conda#936687ed80f295a1f5dbcf8bd34c252c
https://conda.anaconda.org/conda-forge/linux-64/pillow-12.3.0-py313h3b26573_1.conda#ae7b99b3a8d14d12d9df0a733ddc2419
https://conda.anaconda.org/conda-forge/noarch/pip-26.2.1-pyh145f28c_0.conda#573cb3ed111004230ed3de650653cd4d
https://conda.anaconda.org/conda-forge/noarch/platformdirs-4.11.6-pyh5ded981_0.conda#fb0f75910f804de1d8c6e91f73673d11
https://conda.anaconda.org/conda-forge/linux-64/protobuf-6.33.5-py313hf481762_2.conda#bf0e175b4d206e31006c5dfcc23d4214
https://conda.anaconda.org/conda-forge/linux-64/psutil-7.2.2-py313hd42f317_2.conda#47dbb9ab8b049d1466806bdf987d0530
https://conda.anaconda.org/conda-forge/noarch/py-cpuinfo-9.0.0-pyhd8ed1ab_1.conda#46830ee16925d5ed250850503b5dc3a8
https://conda.anaconda.org/conda-forge/noarch/pybind11-global-3.0.1-pyhc7ab6ef_0.conda#fe10b422ce8b5af5dab3740e4084c3f9
https://conda.anaconda.org/conda-forge/noarch/pygments-2.21.0-pyhcf101f3_0.conda#2882dee445dfa45b0c5afce3ffb7730a
https://conda.anaconda.org/conda-forge/noarch/pyparsing-3.3.2-pyhcf101f3_0.conda#3687cc0b82a8b4c17e1f0eb7e47163d5
https://conda.anaconda.org/conda-forge/noarch/pysocks-1.7.1-pyha55dd90_7.conda#461219d1a5bd61342293efa2c0c90eac
https://conda.anaconda.org/conda-forge/noarch/python-fastjsonschema-2.22.2-pyhcf101f3_0.conda#aa75b7f096d17621bc307b3025b29461
https://conda.anaconda.org/conda-forge/linux-64/python-lmdb-1.6.2-py313h9d5ebc2_0.conda#4c55a6eeb274fff3a74cdf00add5535f
https://conda.anaconda.org/conda-forge/noarch/python-tzdata-2026.3-pyhd8ed1ab_0.conda#eefc8d916bd2e708d76d40398ef9a1ee
https://conda.anaconda.org/conda-forge/noarch/pytz-2026.3.post1-pyhcf101f3_0.conda#eb2fb9070c0232e96ae5515d8b28e4f9
https://conda.anaconda.org/conda-forge/linux-64/pyyaml-6.0.3-py313h3dea7bd_1.conda#f256753e840c3cd3766488c9437a8f8b
https://conda.anaconda.org/conda-forge/linux-64/rpds-py-2026.6.3-py313ha296275_1.conda#22aa6a8dcdb06b9ade7ad9d7e0d276ea
https://conda.anaconda.org/conda-forge/linux-64/ruamel.yaml.clib-0.2.15-py313hd42f317_3.conda#47b9a5ca08e4574106f83447a3b7c50e
https://conda.anaconda.org/conda-forge/noarch/setuptools-84.0.0-pyh332efcf_0.conda#62ac906f1cd582c6c264c95625cb9d6f
https://conda.anaconda.org/conda-forge/noarch/shellingham-1.5.4-pyhd8ed1ab_2.conda#83ea3a2ddb7a75c1b09cea582aa4f106
https://conda.anaconda.org/conda-forge/noarch/six-1.17.0-pyhe01879c_1.conda#3339e3b65d58accf4ca4fb8748ab16b3
https://conda.anaconda.org/conda-forge/noarch/slack-sdk-3.44.0-pyhcf101f3_0.conda#a6bc10189b7197fa24700a56edf3a946
https://conda.anaconda.org/conda-forge/noarch/smmap-5.0.3-pyhcf101f3_1.conda#b899f1195be56d8215ed1973a8f409c3
https://conda.anaconda.org/conda-forge/noarch/tabulate-0.10.0-pyhcf101f3_0.conda#3b887b7b3468b0f494b4fad40178b043
https://conda.anaconda.org/conda-forge/noarch/tenacity-9.1.4-pyhcf101f3_0.conda#043f0599dc8aa023369deacdb5ac24eb
https://conda.anaconda.org/conda-forge/noarch/throttler-1.2.2-pyhd8ed1ab_0.conda#6fc48bef3b400c82abaee323a9d4e290
https://conda.anaconda.org/conda-forge/noarch/toml-0.10.2-pyhcf101f3_3.conda#d0fc809fa4c4d85e959ce4ab6e1de800
https://conda.anaconda.org/conda-forge/noarch/tqdm-4.70.0-pyh8f84b5b_0.conda#00953c3b729e03b0ae21f49fdf3441bb
https://conda.anaconda.org/conda-forge/noarch/traitlets-5.16.1-pyhcf101f3_0.conda#a79bf97561232a31447b6246c2153ab5
https://conda.anaconda.org/conda-forge/noarch/typing_extensions-4.16.0-pyhcf101f3_0.conda#c70ad746c22219b9700931707482992c
https://conda.anaconda.org/conda-forge/noarch/ubiquerg-0.9.3-pyhd8ed1ab_0.conda#04429efde19509f6672b9f9434676ae9
https://conda.anaconda.org/conda-forge/noarch/wcwidth-0.2.14-pyhd8ed1ab_0.conda#7e1e5ff31239f9cd5855714df8a3783d
https://conda.anaconda.org/conda-forge/linux-64/wrapt-1.17.3-py313h07c4f96_1.conda#c2662497e9a9ff2153753682f53989c9
https://conda.anaconda.org/conda-forge/noarch/zipp-4.1.0-pyhcf101f3_0.conda#ba3dcdc8584155c97c648ae9c044b7a3
https://conda.anaconda.org/conda-forge/noarch/amply-0.1.7-pyhd8ed1ab_0.conda#69a01a9927733014f3955861e2969a7b
https://conda.anaconda.org/conda-forge/linux-64/aws-c-s3-0.13.1-h7508075_1.conda#2daf54d3eef87b757f68d7597534dd2f
https://conda.anaconda.org/conda-forge/noarch/coloredlogs-15.0.1-pyhd8ed1ab_4.conda#b866ff7007b934d564961066c8195983
https://conda.anaconda.org/conda-forge/noarch/conda-inject-1.3.2-pyhd8ed1ab_0.conda#e52c2a160d6bd0649c9fafdf0c813357
https://conda.anaconda.org/conda-forge/noarch/configargparse-1.7.5-pyhcf101f3_0.conda#12389a21e7f69704b0ae77f44355e30b
https://conda.anaconda.org/conda-forge/linux-64/fonttools-4.63.0-py313h3dea7bd_0.conda#ae83c999b4cfc4c171ce88b99c8b43cc
https://conda.anaconda.org/conda-forge/noarch/gitdb-4.0.12-pyhd8ed1ab_0.conda#7c14f3706e099f8fcd47af2d494616cc
https://conda.anaconda.org/conda-forge/noarch/h2-4.4.1-pyhcf101f3_0.conda#e652ac7756069c456d0da2a922cd7df5
https://conda.anaconda.org/conda-forge/linux-64/ihm-2.11-py313h07c4f96_0.conda#24b535a3e505fd95d240ef1c55769ed0
https://conda.anaconda.org/conda-forge/noarch/importlib-metadata-8.7.1-pyhcf101f3_0.conda#26d87af49eddabfaabd5986d9310e817
https://conda.anaconda.org/conda-forge/noarch/jinja2-3.1.6-pyhcf101f3_1.conda#04558c96691bed63104678757beb4f8d
https://conda.anaconda.org/conda-forge/noarch/jupyter_core-5.9.1-pyhc90fa1f_0.conda#b38fe4e78ee75def7e599843ef4c1ab0
https://conda.anaconda.org/conda-forge/linux-64/libharfbuzz-14.4.0-h23af247_0.conda#4463210c2a16ff5d3bf7f502af23f1f4
https://conda.anaconda.org/conda-forge/linux-64/libpq-18.6-h9d76c99_0.conda#72e019c04ed02a179da38c56965802d1
https://conda.anaconda.org/conda-forge/linux-64/librdkit-2025.09.3-h3c5c181_0.conda#c76e60c43d7089f12900986ff9b2cf87
https://conda.anaconda.org/conda-forge/noarch/lightning-utilities-0.15.3-pyhd8ed1ab_0.conda#237d294ca3acd678f590f1754e090802
https://conda.anaconda.org/conda-forge/noarch/markdown-it-py-4.2.0-pyhd8ed1ab_0.conda#6d03368f2b2b0a5fb6839df53b2eb5e0
https://conda.anaconda.org/conda-forge/noarch/memory_profiler-0.61.0-pyhcf101f3_1.conda#e1bccffd88819e75729412799824e270
https://conda.anaconda.org/conda-forge/noarch/ml-collections-1.0.0-pyh29332c3_0.conda#661f552a80844d1b4261d06307d2190a
https://conda.anaconda.org/bioconda/linux-64/mmseqs2-18.8cc5c-hd6d6fdc_0.tar.bz2#a11c5e78c9e77099aa3a2291710292e3
https://conda.anaconda.org/conda-forge/noarch/prompt-toolkit-3.0.51-pyha770c72_0.conda#d17ae9db4dc594267181bd199bf9a551
https://conda.anaconda.org/conda-forge/noarch/pybind11-3.0.1-pyh7a1b43c_0.conda#70ece62498c769280f791e836ac53fff
https://conda.anaconda.org/conda-forge/linux-64/pycairo-1.29.1-py313h0e1c009_1.conda#1cc080e8ea6c00225e6cb3e22fb27d8d
https://conda.anaconda.org/conda-forge/noarch/python-dateutil-2.9.0-pyhd8ed1ab_0.conda#2cf4264fffb9e6eff6031c5b6884d61c
https://conda.anaconda.org/conda-forge/noarch/referencing-0.37.0-pyhcf101f3_0.conda#870293df500ca7e18bedefa5838a22ab
https://conda.anaconda.org/conda-forge/noarch/ruamel.yaml-0.19.1-pyhcf101f3_0.conda#06ad944772941d5dae1e0d09848d8e49
https://conda.anaconda.org/conda-forge/noarch/slack_sdk-3.44.0-pyh1ba926d_0.conda#e43fb0429cc9cda05c2a0ea5865b99c5
https://conda.anaconda.org/conda-forge/noarch/smart_open-7.7.1-pyhcf101f3_0.conda#fd2e276dbbd1a2ae15ffdbdbabd908f1
https://conda.anaconda.org/conda-forge/noarch/sympy-1.14.0-pyh2585a3b_106.conda#32d866e43b25275f61566b9391ccb7b5
https://conda.anaconda.org/conda-forge/linux-64/tbb-2023.0.0-hab88423_2.conda#7073b15f9364ebc118998601ac6ca6a6
https://conda.anaconda.org/conda-forge/linux-64/triton-3.6.0-cuda129py313h246eb7c_2.conda#f96c6be1babc6495cbc46648db674944
https://conda.anaconda.org/conda-forge/noarch/typing-extensions-4.16.0-h69aa097_0.conda#c680b5747e8c4c8f23dca0bb7042a8fc
https://conda.anaconda.org/conda-forge/noarch/typing-inspection-0.4.4-pyhcf101f3_0.conda#880e91eac5d926568ef278e20554148e
https://conda.anaconda.org/conda-forge/noarch/yte-1.9.4-pyhd8ed1ab_0.conda#89d5edf5d52d3bc1ed4d7d3feef508ba
https://conda.anaconda.org/conda-forge/noarch/annotated-types-0.8.0-pyhd8ed1ab_0.conda#108c928d2a8551832dbc762b535e90bb
https://conda.anaconda.org/conda-forge/linux-64/awscrt-0.36.2-py313hdfb4da1_0.conda#b31a4cba4c99968a6e7528bc5dbd374b
https://conda.anaconda.org/conda-forge/noarch/gitpython-3.1.61-pyhcf101f3_0.conda#a4d052a35ae133a5fef5bc34fd337cd8
https://conda.anaconda.org/conda-forge/noarch/jsonschema-specifications-2025.9.1-pyhcf101f3_0.conda#439cd0f567d697b20a8f45cb70a1005a
https://conda.anaconda.org/conda-forge/linux-64/libraqm-0.11.0-h6406941_0.conda#3ac89a48d224409739dbf6200e524373
https://conda.anaconda.org/conda-forge/linux-64/mkl-2026.1.0-hd2095e1_245.conda#5c8b5643ac9b96cd1c5b65a17337ce5c
https://conda.anaconda.org/conda-forge/noarch/modelcif-1.8-pyhd8ed1ab_0.conda#dd2a7a5c7accf054df3470ddb8893bbe
https://conda.anaconda.org/conda-forge/noarch/opentelemetry-api-1.44.0-pyhd8ed1ab_0.conda#cdeabb4c6c80399310749b3697f636ad
https://conda.anaconda.org/conda-forge/linux-64/optree-0.20.0-py313h6bdb861_0.conda#19196c6fb2d1e311ce1938142728d2a5
https://conda.anaconda.org/conda-forge/linux-64/pydantic-core-2.46.5-py313ha296275_1.conda#41286094042803a6cd590db9d13f5aa1
https://conda.anaconda.org/conda-forge/noarch/rich-15.0.0-pyhcf101f3_0.conda#0242025a3c804966bf71aa04eee82f66
https://conda.anaconda.org/conda-forge/noarch/rlpycairo-0.4.0-pyh6c17108_0.conda#cc70086eaf08be7f62fd44842c013916
https://conda.anaconda.org/bioconda/noarch/snakemake-interface-common-1.23.0-pyhdfd78af_1.conda#a5ec344abd4b0cdda5a52e870e4d25a3
https://conda.anaconda.org/conda-forge/linux-64/sqlalchemy-2.0.52-py313h54dd161_0.conda#a48af6c3d6d0c2ea106bd1d0e944f1fe
https://conda.anaconda.org/conda-forge/noarch/urllib3-2.6.3-pyhd8ed1ab_0.conda#9272daa869e03efe68833e3dc7a02130
https://conda.anaconda.org/conda-forge/linux-64/awscli-2.36.34-py313hd5f5364_0.conda#43245fb9dea01e897c22bfeff9da7b5f
https://conda.anaconda.org/conda-forge/noarch/botocore-1.43.83-pyhd8ed1ab_0.conda#9a70db0ee02ef102c89131fb6b38e821
https://conda.anaconda.org/conda-forge/noarch/jsonschema-4.26.0-pyhcf101f3_1.conda#204b5ca91eba7738790ecc333facbbbe
https://conda.anaconda.org/conda-forge/linux-64/libblas-3.11.0-10_h5875eb1_mkl.conda#fe1a5ccbcba308212c58f9a8059c4b5a
https://conda.anaconda.org/conda-forge/noarch/pydantic-2.13.5-pyhcf101f3_0.conda#2d0f9304fc1cb1e3e94e7b37c14cd70a
https://conda.anaconda.org/conda-forge/noarch/reportlab-5.0.1-pyhc364b38_0.conda#d4c140dbb45d81ff7cb48f1854d06c7f
https://conda.anaconda.org/conda-forge/noarch/requests-2.34.2-pyhcf101f3_0.conda#4a85203c1d80c1059086ae860836ffb9
https://conda.anaconda.org/conda-forge/noarch/sentry-sdk-2.68.1-pyhd8ed1ab_0.conda#66c0725bb9a9856190ccf7878d2f71fb
https://conda.anaconda.org/bioconda/noarch/snakemake-interface-executor-plugins-9.4.0-pyh84498cf_0.conda#0d8bbf1699b16ac225031ae0c73729f8
https://conda.anaconda.org/bioconda/noarch/snakemake-interface-logger-plugins-2.1.0-pyhdfd78af_0.conda#78f0a9e3ec845ef8e35e319bc36dee9b
https://conda.anaconda.org/bioconda/noarch/snakemake-interface-report-plugins-1.3.0-pyhd4c3c12_0.conda#e6fd8cfb23b294da699e395dbc968d11
https://conda.anaconda.org/bioconda/noarch/snakemake-interface-scheduler-plugins-2.0.2-pyhd4c3c12_0.conda#1500fccf5e46c7f91d14925449ff3632
https://conda.anaconda.org/bioconda/noarch/snakemake-interface-storage-plugins-4.4.1-pyh84498cf_0.conda#8e6d2ea30aec2f8eabd03cac524f1f33
https://conda.anaconda.org/conda-forge/noarch/typer-0.27.2-pyhcf101f3_0.conda#d076f2370a590b3698399256b9b135e3
https://conda.anaconda.org/conda-forge/linux-64/libcblas-3.11.0-10_hfef963f_mkl.conda#5447c2bbf73e2e83d14cfa43717f0c14
https://conda.anaconda.org/conda-forge/linux-64/liblapack-3.11.0-10_h5e43f62_mkl.conda#25dcf7345bd6c4ec965e1e5b9e105233
https://conda.anaconda.org/conda-forge/noarch/nbformat-5.11.1-pyhcf101f3_0.conda#2fbbf92e1173ae024f0b12759c1e64a1
https://conda.anaconda.org/conda-forge/noarch/s3transfer-0.19.2-pyhd8ed1ab_0.conda#5548801d61c206d492b85613a02a87e3
https://conda.anaconda.org/conda-forge/noarch/sqlmodel-0.0.37-pyhcf101f3_0.conda#00e6147bef9a85139099c9861c3b976b
https://conda.anaconda.org/conda-forge/linux-64/wandb-0.28.2-py313ha296275_0.conda#b665ae00216732db29e50e8b8e0bc614
https://conda.anaconda.org/conda-forge/noarch/boto3-1.43.83-pyhd8ed1ab_0.conda#0588eacfedfba364a5257ce3471445ea
https://conda.anaconda.org/conda-forge/linux-64/coin-or-utils-2.11.13-hc93afbd_1.conda#4020946ef1fad683935a408ab7127582
https://conda.anaconda.org/conda-forge/linux-64/gsl-2.7-he838d99_0.tar.bz2#fec079ba39c9cca093bf4c00001825de
https://conda.anaconda.org/conda-forge/linux-64/liblapacke-3.11.0-10_hdba1596_mkl.conda#ec3a7867279c8eb4dbc846a27010946d
https://conda.anaconda.org/conda-forge/linux-64/libmagma-2.10.0-ha7672b3_0.conda#21cfdc5459decaca16af5e00aa6addb1
https://conda.anaconda.org/conda-forge/linux-64/numpy-2.3.5-py313hf6604e3_1.conda#dce261869f78ba9b81b9091b084d328d
https://conda.anaconda.org/conda-forge/linux-64/biopython-1.88-py313h07c4f96_0.conda#af094eacfc30d072e048c9c00eaa6093
https://conda.anaconda.org/conda-forge/linux-64/coin-or-osi-0.108.12-hf4fecb4_1.conda#02578ed9fe1a1923d66effeb932e71ce
https://conda.anaconda.org/conda-forge/linux-64/contourpy-1.3.3-py313hc8edb43_4.conda#33639459bc29437315d4bff9ed5bc7a7
https://conda.anaconda.org/bioconda/linux-64/hmmer-3.4-h7d74f8d_5.conda#7e252dc47eda3426c7a2a87122b1a3fa
https://conda.anaconda.org/conda-forge/linux-64/libboost-python-1.86.0-py313hfaae9d9_5.conda#70972ce69d695861812bcc1284849286
https://conda.anaconda.org/conda-forge/linux-64/libtorch-2.10.0-cuda129_mkl_hda1b8b5_305.conda#79eb24b607069555cb8487f952dbd15f
https://conda.anaconda.org/conda-forge/linux-64/pandas-2.3.3-py313h08cd8bf_2.conda#8a69ea71fdd37bfe42a28f0967dbb75a
https://conda.anaconda.org/conda-forge/linux-64/scipy-1.18.0-py313h4b8bb8b_0.conda#a32f88181ff9a3451c71be1f17a7c799
https://conda.anaconda.org/conda-forge/linux-64/biotraj-1.2.2-py313h5d5ffb9_2.conda#56143f8e7e65fd01b2a35ec0a88d8172
https://conda.anaconda.org/conda-forge/linux-64/coin-or-clp-1.17.11-hc03379b_1.conda#e79a3a170436d665098f0a40f7cd655b
https://conda.anaconda.org/conda-forge/linux-64/matplotlib-base-3.11.1-py313h134213a_2.conda#2c99937357c9476a1f5dc5ecd08d0c75
https://conda.anaconda.org/conda-forge/linux-64/pytorch-2.10.0-cuda129_mkl_py313_hd2d7542_305.conda#338d0c61d04c29c0d222563c722f9961
https://conda.anaconda.org/conda-forge/linux-64/biotite-1.7.1-py313h0aaa388_0.conda#c13bb9f96da564b7d11d0c7650a9ec55
https://conda.anaconda.org/conda-forge/linux-64/coin-or-cgl-0.60.10-hc46dffc_1.conda#0990c6102633709868d18151e850072a
https://conda.anaconda.org/conda-forge/linux-64/deepspeed-0.19.6-cuda129_py313_h637229b_0.conda#68e014613fbb366eaf8d91fd7e467bae
https://conda.anaconda.org/conda-forge/linux-64/pytorch-gpu-2.10.0-cuda129_mkl_h0d04637_305.conda#131086d1c8b8d234c57bd245a1476bc3
https://conda.anaconda.org/conda-forge/linux-64/rdkit-2025.09.3-py313h66a1ddb_0.conda#851dade28e377bbc1da341de7ff73e2c
https://conda.anaconda.org/conda-forge/noarch/torchmetrics-1.9.0-pyhd8ed1ab_0.conda#307ddb12f595fd5910ebd5b98cb00561
https://conda.anaconda.org/conda-forge/linux-64/coin-or-cbc-2.10.13-h4d16d09_1.conda#5f68e67b2b9463501260e731e2999dec
https://conda.anaconda.org/conda-forge/noarch/pytorch-lightning-2.6.1-pyhcf101f3_0.conda#e44e84a3b731b1a27cbc75d825db9463
https://conda.anaconda.org/conda-forge/linux-64/pulp-2.8.0-py313hf1034c9_3.conda#78f128f3808ce5fc44f901b87d479764
https://conda.anaconda.org/bioconda/noarch/snakemake-minimal-9.21.0-pyhdfd78af_0.conda#6b202a8f13eb6fe0e680b0b68535a008
https://conda.anaconda.org/conda-forge/noarch/eido-0.2.6-pyhd8ed1ab_0.conda#e2253e1bb76e005d0264797163e8330a
https://conda.anaconda.org/conda-forge/noarch/pephubclient-0.6.0-pyhd8ed1ab_0.conda#597251588fcfcb101c55d15dfb50df14
https://conda.anaconda.org/conda-forge/noarch/peppy-0.40.8-pyhd8ed1ab_0.conda#af8214b9b5fd6d49175958be2a4f5321
https://conda.anaconda.org/bioconda/noarch/snakemake-9.21.0-hdfd78af_0.conda#df1ef31f90202ce8088fe6bfcfb89910
# pip gemmi @ https://files.pythonhosted.org/packages/a3/8c/db8e79c4c744ebae1dcf25f7dbcc5d7df912cdbcdf7221e761479e8bd04b/gemmi-0.7.5-cp313-cp313-manylinux_2_27_x86_64.manylinux_2_28_x86_64.whl#sha256=750b4d9751aaf1460ac4f0f45308ddced25f47bcf7a30355eb3b1f779f03952a
# pip kalign-python @ https://files.pythonhosted.org/packages/97/96/ffb4abc3d74aa7fd3e60c6490095784c11598a35af88bdd8cd135af129ab/kalign_python-3.6.0-cp313-cp313-manylinux_2_24_x86_64.manylinux_2_28_x86_64.whl#sha256=79f843e54f6eded6cddad27dc0f70c41d625154dff666f16c2df269f3cfa1bbd
# pip pdbeccdutils @ https://files.pythonhosted.org/packages/19/26/42d94dfb9667fadedb91427eb03db917cd4c828c4a284456a004b3072dc3/pdbeccdutils-1.0.4-py3-none-any.whl#sha256=fb664589ddd9fc593bc14294daa581e2245475021f6b77d72273f6142da843ba
